// !$*UTF8*$!
{
	archiveVersion = 1;
	classes = {
	};
	objectVersion = 56;
	objects = {

/* Begin PBXBuildFile section */
		69A3BD90D88445A37D6CA694 /* Pods_YIYISDKDemo_YIYIFeedIMSDK.framework in Frameworks */ = {isa = PBXBuildFile; fileRef = C8BD6A12FE67EB49C19F3D71 /* Pods_YIYISDKDemo_YIYIFeedIMSDK.framework */; };
		8A027A512CFD5A38008D1AC7 /* TGReachability.swift in Sources */ = {isa = PBXBuildFile; fileRef = 8A027A502CFD5A38008D1AC7 /* TGReachability.swift */; };
		8A027A532CFD5CCA008D1AC7 /* TGTeamMeetingCell.swift in Sources */ = {isa = PBXBuildFile; fileRef = 8A027A522CFD5CCA008D1AC7 /* TGTeamMeetingCell.swift */; };
		8A027A552CFD5F52008D1AC7 /* TGTeamMeetingPreviewCell.swift in Sources */ = {isa = PBXBuildFile; fileRef = 8A027A542CFD5F52008D1AC7 /* TGTeamMeetingPreviewCell.swift */; };
		8A027A572CFD5FF5008D1AC7 /* TGIMContactViewLayout.swift in Sources */ = {isa = PBXBuildFile; fileRef = 8A027A562CFD5FF5008D1AC7 /* TGIMContactViewLayout.swift */; };
		8A027A592CFD9AF6008D1AC7 /* TGChatViewModel.swift in Sources */ = {isa = PBXBuildFile; fileRef = 8A027A582CFD9AF6008D1AC7 /* TGChatViewModel.swift */; };
		8A027A5B2CFDAD76008D1AC7 /* TGMessageData.swift in Sources */ = {isa = PBXBuildFile; fileRef = 8A027A5A2CFDAD76008D1AC7 /* TGMessageData.swift */; };
		8A027A5D2CFDBE29008D1AC7 /* TGChatViewController.swift in Sources */ = {isa = PBXBuildFile; fileRef = 8A027A5C2CFDBE29008D1AC7 /* TGChatViewController.swift */; };
		8A4BB3122D06D2FB00AAB4B8 /* TGMessageMapViewController.swift in Sources */ = {isa = PBXBuildFile; fileRef = 8A4BB3112D06D2FB00AAB4B8 /* TGMessageMapViewController.swift */; };
		8A4BB3192D0824DC00AAB4B8 /* IMAudioMessageStateView.swift in Sources */ = {isa = PBXBuildFile; fileRef = 8A4BB3162D0824DB00AAB4B8 /* IMAudioMessageStateView.swift */; };
		8A4BB31A2D0824DC00AAB4B8 /* IMRecordStateView.swift in Sources */ = {isa = PBXBuildFile; fileRef = 8A4BB3172D0824DB00AAB4B8 /* IMRecordStateView.swift */; };
		8A4BB31B2D0824DC00AAB4B8 /* SpeechVoiceDetectManager.swift in Sources */ = {isa = PBXBuildFile; fileRef = 8A4BB3182D0824DC00AAB4B8 /* SpeechVoiceDetectManager.swift */; };
		8A4BB31D2D08273000AAB4B8 /* InputAudioRecordIndicatorView.swift in Sources */ = {isa = PBXBuildFile; fileRef = 8A4BB31C2D08273000AAB4B8 /* InputAudioRecordIndicatorView.swift */; };
		8A4BB3312D08352B00AAB4B8 /* NMCJSBridge.js in Resources */ = {isa = PBXBuildFile; fileRef = 8A4BB3222D08352B00AAB4B8 /* NMCJSBridge.js */; };
		8A4BB3322D08352B00AAB4B8 /* NMCMessageDispatcher.swift in Sources */ = {isa = PBXBuildFile; fileRef = 8A4BB3232D08352B00AAB4B8 /* NMCMessageDispatcher.swift */; };
		8A4BB3332D08352B00AAB4B8 /* NMCWebLoginParam.swift in Sources */ = {isa = PBXBuildFile; fileRef = 8A4BB3242D08352B00AAB4B8 /* NMCWebLoginParam.swift */; };
		8A4BB3342D08352B00AAB4B8 /* NMCWebView.swift in Sources */ = {isa = PBXBuildFile; fileRef = 8A4BB3252D08352B00AAB4B8 /* NMCWebView.swift */; };
		8A4BB3352D08352B00AAB4B8 /* NMCWhiteBoardManager.swift in Sources */ = {isa = PBXBuildFile; fileRef = 8A4BB3262D08352B00AAB4B8 /* NMCWhiteBoardManager.swift */; };
		8A4BB3362D08352B00AAB4B8 /* NMCWhiteBoardViewController.swift in Sources */ = {isa = PBXBuildFile; fileRef = 8A4BB3272D08352B00AAB4B8 /* NMCWhiteBoardViewController.swift */; };
		8A4BB3402D084FDC00AAB4B8 /* TGIMNetworkManager.swift in Sources */ = {isa = PBXBuildFile; fileRef = 8A4BB33F2D084FDC00AAB4B8 /* TGIMNetworkManager.swift */; };
		8A4BB3422D0850C000AAB4B8 /* WhiteBoardAuth.swift in Sources */ = {isa = PBXBuildFile; fileRef = 8A4BB3412D0850C000AAB4B8 /* WhiteBoardAuth.swift */; };
		8A4BB3452D093BD300AAB4B8 /* WhiteBoardMessageCell.swift in Sources */ = {isa = PBXBuildFile; fileRef = 8A4BB3442D093BD300AAB4B8 /* WhiteBoardMessageCell.swift */; };
		8A4BB3482D09446600AAB4B8 /* CustomAttachment.swift in Sources */ = {isa = PBXBuildFile; fileRef = 8A4BB3472D09446600AAB4B8 /* CustomAttachment.swift */; };
		8A4BB34D2D0A92A900AAB4B8 /* VideoCallingCell.swift in Sources */ = {isa = PBXBuildFile; fileRef = 8A4BB34C2D0A92A900AAB4B8 /* VideoCallingCell.swift */; };
		8A9F0D2A2CF080790021462C /* YIYIFeedIMSDK.docc in Sources */ = {isa = PBXBuildFile; fileRef = 8A9F0D292CF080790021462C /* YIYIFeedIMSDK.docc */; };
		8A9F0D2B2CF080790021462C /* YIYIFeedIMSDK.h in Headers */ = {isa = PBXBuildFile; fileRef = 8A9F0D282CF080790021462C /* YIYIFeedIMSDK.h */; settings = {ATTRIBUTES = (Public, ); }; };
		8A9F0D362CF0819E0021462C /* TGViewController.swift in Sources */ = {isa = PBXBuildFile; fileRef = 8A9F0D352CF0819E0021462C /* TGViewController.swift */; };
		8A9F0D3A2CF089410021462C /* RLNIMSDKManager.swift in Sources */ = {isa = PBXBuildFile; fileRef = 8A9F0D392CF089410021462C /* RLNIMSDKManager.swift */; };
		8A9F0D3C2CF0911A0021462C /* RLSDKManager.swift in Sources */ = {isa = PBXBuildFile; fileRef = 8A9F0D3B2CF0911A0021462C /* RLSDKManager.swift */; };
		8A9F0D3E2CF093580021462C /* RLLoginParma.swift in Sources */ = {isa = PBXBuildFile; fileRef = 8A9F0D3D2CF093580021462C /* RLLoginParma.swift */; };
		8A9F0D422CF41ACD0021462C /* RLMessageData.swift in Sources */ = {isa = PBXBuildFile; fileRef = 8A9F0D412CF41ACD0021462C /* RLMessageData.swift */; };
		8A9F0D442CF41BCB0021462C /* RLChatViewModel.swift in Sources */ = {isa = PBXBuildFile; fileRef = 8A9F0D432CF41BCB0021462C /* RLChatViewModel.swift */; };
		8A9F0D462CF41D290021462C /* ChatLocaitonModel.swift in Sources */ = {isa = PBXBuildFile; fileRef = 8A9F0D452CF41D290021462C /* ChatLocaitonModel.swift */; };
		8A9F0D482CF41D4B0021462C /* OperationItem.swift in Sources */ = {isa = PBXBuildFile; fileRef = 8A9F0D472CF41D4B0021462C /* OperationItem.swift */; };
		8A9F0D4A2CF41D610021462C /* MessageUtils.swift in Sources */ = {isa = PBXBuildFile; fileRef = 8A9F0D492CF41D610021462C /* MessageUtils.swift */; };
		8A9F0D4E2CF427560021462C /* RLConversationListViewController.swift in Sources */ = {isa = PBXBuildFile; fileRef = 8A9F0D4D2CF427560021462C /* RLConversationListViewController.swift */; };
		8A9F0D5A2CF427A90021462C /* UserInfoMessageCell.swift in Sources */ = {isa = PBXBuildFile; fileRef = 8A9F0D512CF427A90021462C /* UserInfoMessageCell.swift */; };
		8A9F0D5B2CF427A90021462C /* BaseMessageCell.swift in Sources */ = {isa = PBXBuildFile; fileRef = 8A9F0D522CF427A90021462C /* BaseMessageCell.swift */; };
		8A9F0D5C2CF427A90021462C /* LocationMessageCell.swift in Sources */ = {isa = PBXBuildFile; fileRef = 8A9F0D532CF427A90021462C /* LocationMessageCell.swift */; };
		8A9F0D5D2CF427A90021462C /* ReplyMessageCell.swift in Sources */ = {isa = PBXBuildFile; fileRef = 8A9F0D542CF427A90021462C /* ReplyMessageCell.swift */; };
		8A9F0D5E2CF427A90021462C /* FileMessageCell.swift in Sources */ = {isa = PBXBuildFile; fileRef = 8A9F0D552CF427A90021462C /* FileMessageCell.swift */; };
		8A9F0D5F2CF427A90021462C /* AudioMessageCell.swift in Sources */ = {isa = PBXBuildFile; fileRef = 8A9F0D562CF427A90021462C /* AudioMessageCell.swift */; };
		8A9F0D602CF427A90021462C /* TipMessageCell.swift in Sources */ = {isa = PBXBuildFile; fileRef = 8A9F0D572CF427A90021462C /* TipMessageCell.swift */; };
		8A9F0D612CF427A90021462C /* TextMessageCell.swift in Sources */ = {isa = PBXBuildFile; fileRef = 8A9F0D582CF427A90021462C /* TextMessageCell.swift */; };
		8A9F0D622CF427A90021462C /* ImageMessageCell.swift in Sources */ = {isa = PBXBuildFile; fileRef = 8A9F0D592CF427A90021462C /* ImageMessageCell.swift */; };
		8A9F0D642CF429390021462C /* ConversationListCell.swift in Sources */ = {isa = PBXBuildFile; fileRef = 8A9F0D632CF429390021462C /* ConversationListCell.swift */; };
		8A9F0D662CF429BE0021462C /* ConversationViewModel.swift in Sources */ = {isa = PBXBuildFile; fileRef = 8A9F0D652CF429BE0021462C /* ConversationViewModel.swift */; };
		8A9F0D682CF42A290021462C /* RLTableView.swift in Sources */ = {isa = PBXBuildFile; fileRef = 8A9F0D672CF42A290021462C /* RLTableView.swift */; };
		8A9F0D6C2CF42AC70021462C /* RLCollectionView.swift in Sources */ = {isa = PBXBuildFile; fileRef = 8A9F0D692CF42AC70021462C /* RLCollectionView.swift */; };
		8A9F0D6D2CF42AC70021462C /* RLColor.swift in Sources */ = {isa = PBXBuildFile; fileRef = 8A9F0D6A2CF42AC70021462C /* RLColor.swift */; };
		8A9F0D6E2CF42AC70021462C /* RLUserInterfacePrinciples.swift in Sources */ = {isa = PBXBuildFile; fileRef = 8A9F0D6B2CF42AC70021462C /* RLUserInterfacePrinciples.swift */; };
		8A9F0D702CF42D910021462C /* RLBaseChatViewController.swift in Sources */ = {isa = PBXBuildFile; fileRef = 8A9F0D6F2CF42D910021462C /* RLBaseChatViewController.swift */; };
		8A9F0D7A2CF430E60021462C /* BaseChatInputView.swift in Sources */ = {isa = PBXBuildFile; fileRef = 8A9F0D722CF430E60021462C /* BaseChatInputView.swift */; };
		8A9F0D7B2CF430E70021462C /* OperationCell.swift in Sources */ = {isa = PBXBuildFile; fileRef = 8A9F0D732CF430E60021462C /* OperationCell.swift */; };
		8A9F0D7C2CF430E70021462C /* ChatRecordView.swift in Sources */ = {isa = PBXBuildFile; fileRef = 8A9F0D742CF430E60021462C /* ChatRecordView.swift */; };
		8A9F0D7D2CF430E70021462C /* MapViewSearchView.swift in Sources */ = {isa = PBXBuildFile; fileRef = 8A9F0D752CF430E60021462C /* MapViewSearchView.swift */; };
		8A9F0D7E2CF430E70021462C /* InputMoreCell.swift in Sources */ = {isa = PBXBuildFile; fileRef = 8A9F0D762CF430E60021462C /* InputMoreCell.swift */; };
		8A9F0D7F2CF430E70021462C /* ChatMoreActionView.swift in Sources */ = {isa = PBXBuildFile; fileRef = 8A9F0D772CF430E60021462C /* ChatMoreActionView.swift */; };
		8A9F0D802CF430E70021462C /* ReplyView.swift in Sources */ = {isa = PBXBuildFile; fileRef = 8A9F0D782CF430E60021462C /* ReplyView.swift */; };
		8A9F0D812CF430E70021462C /* MessageOperationView.swift in Sources */ = {isa = PBXBuildFile; fileRef = 8A9F0D792CF430E60021462C /* MessageOperationView.swift */; };
		8A9F0D8C2CF430FE0021462C /* TGEmojiPageView.swift in Sources */ = {isa = PBXBuildFile; fileRef = 8A9F0D822CF430FE0021462C /* TGEmojiPageView.swift */; };
		8A9F0D8D2CF430FE0021462C /* TGInputEmoticonContainerView.swift in Sources */ = {isa = PBXBuildFile; fileRef = 8A9F0D832CF430FE0021462C /* TGInputEmoticonContainerView.swift */; };
		8A9F0D8E2CF430FE0021462C /* TGInputEmoticonTabView.swift in Sources */ = {isa = PBXBuildFile; fileRef = 8A9F0D842CF430FE0021462C /* TGInputEmoticonTabView.swift */; };
		8A9F0D8F2CF430FE0021462C /* TGNEEmotionAttachment.swift in Sources */ = {isa = PBXBuildFile; fileRef = 8A9F0D852CF430FE0021462C /* TGNEEmotionAttachment.swift */; };
		8A9F0D902CF430FE0021462C /* TGNEEmotionTool.swift in Sources */ = {isa = PBXBuildFile; fileRef = 8A9F0D862CF430FE0021462C /* TGNEEmotionTool.swift */; };
		8A9F0D912CF430FE0021462C /* TGNIMInputEmoticonButton.swift in Sources */ = {isa = PBXBuildFile; fileRef = 8A9F0D872CF430FE0021462C /* TGNIMInputEmoticonButton.swift */; };
		8A9F0D922CF430FE0021462C /* TGNIMInputEmoticonDefine.swift in Sources */ = {isa = PBXBuildFile; fileRef = 8A9F0D882CF430FE0021462C /* TGNIMInputEmoticonDefine.swift */; };
		8A9F0D932CF430FE0021462C /* TGNIMInputEmoticonManager.swift in Sources */ = {isa = PBXBuildFile; fileRef = 8A9F0D892CF430FE0021462C /* TGNIMInputEmoticonManager.swift */; };
		8A9F0D942CF430FE0021462C /* NIMKitEmoticon.bundle in Resources */ = {isa = PBXBuildFile; fileRef = 8A9F0D8A2CF430FE0021462C /* NIMKitEmoticon.bundle */; };
		8A9F0D982CF444A80021462C /* SCRefreshFooter.swift in Sources */ = {isa = PBXBuildFile; fileRef = 8A9F0D962CF444A80021462C /* SCRefreshFooter.swift */; };
		8A9F0D992CF444A80021462C /* SCRefreshHeader.swift in Sources */ = {isa = PBXBuildFile; fileRef = 8A9F0D972CF444A80021462C /* SCRefreshHeader.swift */; };
		8A9F0D9B2CF4464F0021462C /* SCCustomNavigationBar.swift in Sources */ = {isa = PBXBuildFile; fileRef = 8A9F0D9A2CF4464F0021462C /* SCCustomNavigationBar.swift */; };
		8A9F0D9D2CF44A550021462C /* RLMapClient.swift in Sources */ = {isa = PBXBuildFile; fileRef = 8A9F0D9C2CF44A550021462C /* RLMapClient.swift */; };
		8A9F0D9F2CF44CD20021462C /* RLCurrentUserInfo.swift in Sources */ = {isa = PBXBuildFile; fileRef = 8A9F0D9E2CF44CD20021462C /* RLCurrentUserInfo.swift */; };
		8A9F0DA82CF44D6F0021462C /* UIImage+Extension.swift in Sources */ = {isa = PBXBuildFile; fileRef = 8A9F0DA12CF44D6F0021462C /* UIImage+Extension.swift */; };
		8A9F0DA92CF44D6F0021462C /* Int+Extension.swift in Sources */ = {isa = PBXBuildFile; fileRef = 8A9F0DA22CF44D6F0021462C /* Int+Extension.swift */; };
		8A9F0DAA2CF44D6F0021462C /* UIView+Extension.swift in Sources */ = {isa = PBXBuildFile; fileRef = 8A9F0DA32CF44D6F0021462C /* UIView+Extension.swift */; };
		8A9F0DAB2CF44D6F0021462C /* number+extensions.swift in Sources */ = {isa = PBXBuildFile; fileRef = 8A9F0DA42CF44D6F0021462C /* number+extensions.swift */; };
		8A9F0DAC2CF44D6F0021462C /* Optional+Extension.swift in Sources */ = {isa = PBXBuildFile; fileRef = 8A9F0DA52CF44D6F0021462C /* Optional+Extension.swift */; };
		8A9F0DAD2CF44D6F0021462C /* String+Extension.swift in Sources */ = {isa = PBXBuildFile; fileRef = 8A9F0DA62CF44D6F0021462C /* String+Extension.swift */; };
		8A9F0DAE2CF44D6F0021462C /* UIViewController+Extension.swift in Sources */ = {isa = PBXBuildFile; fileRef = 8A9F0DA72CF44D6F0021462C /* UIViewController+Extension.swift */; };
		8A9F0DB02CF44FD20021462C /* RLSendFileManager.swift in Sources */ = {isa = PBXBuildFile; fileRef = 8A9F0DAF2CF44FD20021462C /* RLSendFileManager.swift */; };
		8A9F0DB22CF44FEE0021462C /* RLAuthManager.swift in Sources */ = {isa = PBXBuildFile; fileRef = 8A9F0DB12CF44FEE0021462C /* RLAuthManager.swift */; };
		8A9F0DBE2CF451E90021462C /* ImageCompress.swift in Sources */ = {isa = PBXBuildFile; fileRef = 8A9F0DB42CF451E80021462C /* ImageCompress.swift */; };
		8A9F0DC02CF451E90021462C /* FileUtils.swift in Sources */ = {isa = PBXBuildFile; fileRef = 8A9F0DB62CF451E80021462C /* FileUtils.swift */; };
		8A9F0DC12CF451E90021462C /* Then.swift in Sources */ = {isa = PBXBuildFile; fileRef = 8A9F0DB72CF451E80021462C /* Then.swift */; };
		8A9F0DC22CF451E90021462C /* LogManager.swift in Sources */ = {isa = PBXBuildFile; fileRef = 8A9F0DB82CF451E80021462C /* LogManager.swift */; };
		8A9F0DC32CF451E90021462C /* AuthorizeStatusUtils.swift in Sources */ = {isa = PBXBuildFile; fileRef = 8A9F0DB92CF451E90021462C /* AuthorizeStatusUtils.swift */; };
		8A9F0DC52CF451E90021462C /* Action.swift in Sources */ = {isa = PBXBuildFile; fileRef = 8A9F0DBB2CF451E90021462C /* Action.swift */; };
		8A9F0DC72CF451E90021462C /* UIView+Actions.swift in Sources */ = {isa = PBXBuildFile; fileRef = 8A9F0DBD2CF451E90021462C /* UIView+Actions.swift */; };
		8A9F0DEE2CF48B3B0021462C /* reaction-angry.json in Resources */ = {isa = PBXBuildFile; fileRef = 8A9F0DCF2CF48B3B0021462C /* reaction-angry.json */; };
		8A9F0DEF2CF48B3B0021462C /* reaction-awesome.json in Resources */ = {isa = PBXBuildFile; fileRef = 8A9F0DD02CF48B3B0021462C /* reaction-awesome.json */; };
		8A9F0DF02CF48B3B0021462C /* reaction-cry.json in Resources */ = {isa = PBXBuildFile; fileRef = 8A9F0DD12CF48B3B0021462C /* reaction-cry.json */; };
		8A9F0DF12CF48B3B0021462C /* reaction-like.json in Resources */ = {isa = PBXBuildFile; fileRef = 8A9F0DD22CF48B3B0021462C /* reaction-like.json */; };
		8A9F0DF22CF48B3B0021462C /* reaction-love.json in Resources */ = {isa = PBXBuildFile; fileRef = 8A9F0DD32CF48B3B0021462C /* reaction-love.json */; };
		8A9F0DF32CF48B3B0021462C /* reaction-wow.json in Resources */ = {isa = PBXBuildFile; fileRef = 8A9F0DD42CF48B3B0021462C /* reaction-wow.json */; };
		8A9F0DF42CF48B3B0021462C /* Localizable.strings in Resources */ = {isa = PBXBuildFile; fileRef = 8A9F0DD72CF48B3B0021462C /* Localizable.strings */; };
		8A9F0DF52CF48B3B0021462C /* Localizable.strings in Resources */ = {isa = PBXBuildFile; fileRef = 8A9F0DD92CF48B3B0021462C /* Localizable.strings */; };
		8A9F0DF62CF48B3B0021462C /* Localizable.strings in Resources */ = {isa = PBXBuildFile; fileRef = 8A9F0DDB2CF48B3B0021462C /* Localizable.strings */; };
		8A9F0DF72CF48B3B0021462C /* Localizable.strings in Resources */ = {isa = PBXBuildFile; fileRef = 8A9F0DDD2CF48B3B0021462C /* Localizable.strings */; };
		8A9F0DF82CF48B3B0021462C /* Localizable.strings in Resources */ = {isa = PBXBuildFile; fileRef = 8A9F0DDF2CF48B3B0021462C /* Localizable.strings */; };
		8A9F0DF92CF48B3B0021462C /* Localizable.strings in Resources */ = {isa = PBXBuildFile; fileRef = 8A9F0DE12CF48B3B0021462C /* Localizable.strings */; };
		8A9F0DFA2CF48B3B0021462C /* Localizable.strings in Resources */ = {isa = PBXBuildFile; fileRef = 8A9F0DE32CF48B3B0021462C /* Localizable.strings */; };
		8A9F0DFB2CF48B3B0021462C /* Localizable.strings in Resources */ = {isa = PBXBuildFile; fileRef = 8A9F0DE52CF48B3B0021462C /* Localizable.strings */; };
		8A9F0DFC2CF48B3B0021462C /* Localizable.strings in Resources */ = {isa = PBXBuildFile; fileRef = 8A9F0DE72CF48B3B0021462C /* Localizable.strings */; };
		8A9F0DFD2CF48B3B0021462C /* Localizable.strings in Resources */ = {isa = PBXBuildFile; fileRef = 8A9F0DE92CF48B3B0021462C /* Localizable.strings */; };
		8A9F0DFE2CF48B3B0021462C /* SDKResource.bundle in Resources */ = {isa = PBXBuildFile; fileRef = 8A9F0DEA2CF48B3B0021462C /* SDKResource.bundle */; };
		8A9F0DFF2CF48B3B0021462C /* speaking.json in Resources */ = {isa = PBXBuildFile; fileRef = 8A9F0DEB2CF48B3B0021462C /* speaking.json */; };
		8A9F0E002CF48B3B0021462C /* speech_to_text_progress.json in Resources */ = {isa = PBXBuildFile; fileRef = 8A9F0DEC2CF48B3B0021462C /* speech_to_text_progress.json */; };
		8A9F0E022CF575CC0021462C /* RLMessageViewController.swift in Sources */ = {isa = PBXBuildFile; fileRef = 8A9F0E012CF575CC0021462C /* RLMessageViewController.swift */; };
		8A9F0E042CF57E520021462C /* TGNavigationController.swift in Sources */ = {isa = PBXBuildFile; fileRef = 8A9F0E032CF57E520021462C /* TGNavigationController.swift */; };
		8A9F0E072CF6B6E70021462C /* ChatViewConfig.swift in Sources */ = {isa = PBXBuildFile; fileRef = 8A9F0E052CF6B6E60021462C /* ChatViewConfig.swift */; };
		8A9F0E9A2CF6F5530021462C /* RLAudioVideoCallViewController.swift in Sources */ = {isa = PBXBuildFile; fileRef = 8A9F0E992CF6F5530021462C /* RLAudioVideoCallViewController.swift */; };
		8A9F0E9C2CF6F5C10021462C /* AudioVideoViewModel.swift in Sources */ = {isa = PBXBuildFile; fileRef = 8A9F0E9B2CF6F5C10021462C /* AudioVideoViewModel.swift */; };
		8A9F0E9F2CF6F6910021462C /* CustomAttachmentDefines.swift in Sources */ = {isa = PBXBuildFile; fileRef = 8A9F0E9D2CF6F6910021462C /* CustomAttachmentDefines.swift */; };
		8A9F0EA02CF6F6910021462C /* CustomAttachmentDecoder.swift in Sources */ = {isa = PBXBuildFile; fileRef = 8A9F0E9E2CF6F6910021462C /* CustomAttachmentDecoder.swift */; };
		8A9F0EA22CF6F7D00021462C /* TimerHolder.swift in Sources */ = {isa = PBXBuildFile; fileRef = 8A9F0EA12CF6F7D00021462C /* TimerHolder.swift */; };
		8A9F0EA42CF6F9270021462C /* NetCallChatInfo.swift in Sources */ = {isa = PBXBuildFile; fileRef = 8A9F0EA32CF6F9270021462C /* NetCallChatInfo.swift */; };
		8A9F0EA62CF707820021462C /* RLAudioCallController.swift in Sources */ = {isa = PBXBuildFile; fileRef = 8A9F0EA52CF707820021462C /* RLAudioCallController.swift */; };
		8ABF5F3C2CF822AF001DC11E /* ExtensionStringCrypto.swift in Sources */ = {isa = PBXBuildFile; fileRef = 8ABF5F3B2CF822AE001DC11E /* ExtensionStringCrypto.swift */; };
		8ABF5F3E2CF82395001DC11E /* IMNotificationCenter.swift in Sources */ = {isa = PBXBuildFile; fileRef = 8ABF5F3D2CF82395001DC11E /* IMNotificationCenter.swift */; };
		8ABF5F462CF9C668001DC11E /* TGIMTeamMeetingController.swift in Sources */ = {isa = PBXBuildFile; fileRef = 8ABF5F452CF9C668001DC11E /* TGIMTeamMeetingController.swift */; };
		8ABF5F482CF9C8D4001DC11E /* UILabel+Extension.swift in Sources */ = {isa = PBXBuildFile; fileRef = 8ABF5F472CF9C8D4001DC11E /* UILabel+Extension.swift */; };
		8ABF5F4A2CF9CCED001DC11E /* TeamMeetingViewModel.swift in Sources */ = {isa = PBXBuildFile; fileRef = 8ABF5F492CF9CCED001DC11E /* TeamMeetingViewModel.swift */; };
		F57A36F02D004FBD00159F31 /* TGFeedCommentListModel.swift in Sources */ = {isa = PBXBuildFile; fileRef = F57A36EF2D004FBD00159F31 /* TGFeedCommentListModel.swift */; };
		F5CD2C5A2CFEB40500EA7C7A /* ServerResponseDataTransforms.swift in Sources */ = {isa = PBXBuildFile; fileRef = F5CD2C582CFEB40500EA7C7A /* ServerResponseDataTransforms.swift */; };
		F5CD2C5B2CFEB40500EA7C7A /* TGFeedNetworkManager.swift in Sources */ = {isa = PBXBuildFile; fileRef = F5CD2C562CFEB40500EA7C7A /* TGFeedNetworkManager.swift */; };
		F5CD2C5C2CFEB40500EA7C7A /* TGNetworkManager.swift in Sources */ = {isa = PBXBuildFile; fileRef = F5CD2C572CFEB40500EA7C7A /* TGNetworkManager.swift */; };
		F5CD2C702CFEB4C400EA7C7A /* FeedToolBarButton.swift in Sources */ = {isa = PBXBuildFile; fileRef = F5CD2C6A2CFEB4C400EA7C7A /* FeedToolBarButton.swift */; };
		F5CD2C712CFEB4C400EA7C7A /* TGMomentDetailNavTitle.swift in Sources */ = {isa = PBXBuildFile; fileRef = F5CD2C6C2CFEB4C400EA7C7A /* TGMomentDetailNavTitle.swift */; };
		F5CD2C722CFEB4C400EA7C7A /* PictureModeler.swift in Sources */ = {isa = PBXBuildFile; fileRef = F5CD2C602CFEB4C400EA7C7A /* PictureModeler.swift */; };
		F5CD2C732CFEB4C400EA7C7A /* FeedImageSliderView.swift in Sources */ = {isa = PBXBuildFile; fileRef = F5CD2C692CFEB4C400EA7C7A /* FeedImageSliderView.swift */; };
		F5CD2C742CFEB4C400EA7C7A /* FeedCommentLabelModel.swift in Sources */ = {isa = PBXBuildFile; fileRef = F5CD2C5D2CFEB4C400EA7C7A /* FeedCommentLabelModel.swift */; };
		F5CD2C752CFEB4C400EA7C7A /* SharedViewModel.swift in Sources */ = {isa = PBXBuildFile; fileRef = F5CD2C612CFEB4C400EA7C7A /* SharedViewModel.swift */; };
		F5CD2C762CFEB4C400EA7C7A /* FeedListCellModel.swift in Sources */ = {isa = PBXBuildFile; fileRef = F5CD2C5E2CFEB4C400EA7C7A /* FeedListCellModel.swift */; };
		F5CD2C772CFEB4C400EA7C7A /* TopicListModel.swift in Sources */ = {isa = PBXBuildFile; fileRef = F5CD2C632CFEB4C400EA7C7A /* TopicListModel.swift */; };
		F5CD2C782CFEB4C400EA7C7A /* AvatarUserNameView.swift in Sources */ = {isa = PBXBuildFile; fileRef = F5CD2C662CFEB4C400EA7C7A /* AvatarUserNameView.swift */; };
		F5CD2C792CFEB4C400EA7C7A /* TGDetailCommentTableViewCell.swift in Sources */ = {isa = PBXBuildFile; fileRef = F5CD2C6B2CFEB4C400EA7C7A /* TGDetailCommentTableViewCell.swift */; };
		F5CD2C7A2CFEB4C400EA7C7A /* TGFeedInfoDetailViewController.swift in Sources */ = {isa = PBXBuildFile; fileRef = F5CD2C6E2CFEB4C400EA7C7A /* TGFeedInfoDetailViewController.swift */; };
		F5CD2C7B2CFEB4C400EA7C7A /* FeedListModel.swift in Sources */ = {isa = PBXBuildFile; fileRef = F5CD2C5F2CFEB4C400EA7C7A /* FeedListModel.swift */; };
		F5CD2C7C2CFEB4C400EA7C7A /* TSPostLocationModel.swift in Sources */ = {isa = PBXBuildFile; fileRef = F5CD2C642CFEB4C400EA7C7A /* TSPostLocationModel.swift */; };
		F5CD2C7D2CFEB4C400EA7C7A /* TGFeedResponse.swift in Sources */ = {isa = PBXBuildFile; fileRef = F5CD2C622CFEB4C400EA7C7A /* TGFeedResponse.swift */; };
		F5CD2C7E2CFEB4C400EA7C7A /* FeedDetailTableHeaderView.swift in Sources */ = {isa = PBXBuildFile; fileRef = F5CD2C682CFEB4C400EA7C7A /* FeedDetailTableHeaderView.swift */; };
		F5CD2C7F2CFEB4C400EA7C7A /* FeedDetailCommentTableViewCell.swift in Sources */ = {isa = PBXBuildFile; fileRef = F5CD2C672CFEB4C400EA7C7A /* FeedDetailCommentTableViewCell.swift */; };
		F5CD2C832CFEB51C00EA7C7A /* StoreManager.swift in Sources */ = {isa = PBXBuildFile; fileRef = F5CD2C802CFEB51C00EA7C7A /* StoreManager.swift */; };
		F5CD2C842CFEB51C00EA7C7A /* TGAppTheme.swift in Sources */ = {isa = PBXBuildFile; fileRef = F5CD2C812CFEB51C00EA7C7A /* TGAppTheme.swift */; };
		F5CD2C8A2CFEB5A800EA7C7A /* UserStatusEnum.swift in Sources */ = {isa = PBXBuildFile; fileRef = F5CD2C872CFEB5A800EA7C7A /* UserStatusEnum.swift */; };
		F5CD2C8B2CFEB5A800EA7C7A /* TGUserInfoModel.swift in Sources */ = {isa = PBXBuildFile; fileRef = F5CD2C852CFEB5A800EA7C7A /* TGUserInfoModel.swift */; };
		F5CD2C8C2CFEB5A800EA7C7A /* UserInfoType.swift in Sources */ = {isa = PBXBuildFile; fileRef = F5CD2C862CFEB5A800EA7C7A /* UserInfoType.swift */; };
		F5CD2C902CFEB5C200EA7C7A /* View+Extension.swift in Sources */ = {isa = PBXBuildFile; fileRef = F5CD2C8F2CFEB5C200EA7C7A /* View+Extension.swift */; };
		F5CD2C912CFEB5C200EA7C7A /* NSUserDefault+Cache.swift in Sources */ = {isa = PBXBuildFile; fileRef = F5CD2C8E2CFEB5C200EA7C7A /* NSUserDefault+Cache.swift */; };
		F5CD2C922CFEB5C200EA7C7A /* Calendar+Extension.swift in Sources */ = {isa = PBXBuildFile; fileRef = F5CD2C8D2CFEB5C200EA7C7A /* Calendar+Extension.swift */; };
		F5CD2C952CFEB76800EA7C7A /* TGAvatarView.swift in Sources */ = {isa = PBXBuildFile; fileRef = F5CD2C942CFEB76800EA7C7A /* TGAvatarView.swift */; };
/* End PBXBuildFile section */

/* Begin PBXFileReference section */
		11DB54BD2D907883BDB15C84 /* Pods-YIYISDKDemo-YIYIFeedIMSDK.debug.xcconfig */ = {isa = PBXFileReference; includeInIndex = 1; lastKnownFileType = text.xcconfig; name = "Pods-YIYISDKDemo-YIYIFeedIMSDK.debug.xcconfig"; path = "Target Support Files/Pods-YIYISDKDemo-YIYIFeedIMSDK/Pods-YIYISDKDemo-YIYIFeedIMSDK.debug.xcconfig"; sourceTree = "<group>"; };
		8A027A502CFD5A38008D1AC7 /* TGReachability.swift */ = {isa = PBXFileReference; lastKnownFileType = sourcecode.swift; path = TGReachability.swift; sourceTree = "<group>"; };
		8A027A522CFD5CCA008D1AC7 /* TGTeamMeetingCell.swift */ = {isa = PBXFileReference; lastKnownFileType = sourcecode.swift; path = TGTeamMeetingCell.swift; sourceTree = "<group>"; };
		8A027A542CFD5F52008D1AC7 /* TGTeamMeetingPreviewCell.swift */ = {isa = PBXFileReference; lastKnownFileType = sourcecode.swift; path = TGTeamMeetingPreviewCell.swift; sourceTree = "<group>"; };
		8A027A562CFD5FF5008D1AC7 /* TGIMContactViewLayout.swift */ = {isa = PBXFileReference; lastKnownFileType = sourcecode.swift; path = TGIMContactViewLayout.swift; sourceTree = "<group>"; };
		8A027A582CFD9AF6008D1AC7 /* TGChatViewModel.swift */ = {isa = PBXFileReference; lastKnownFileType = sourcecode.swift; path = TGChatViewModel.swift; sourceTree = "<group>"; };
		8A027A5A2CFDAD76008D1AC7 /* TGMessageData.swift */ = {isa = PBXFileReference; lastKnownFileType = sourcecode.swift; path = TGMessageData.swift; sourceTree = "<group>"; };
		8A027A5C2CFDBE29008D1AC7 /* TGChatViewController.swift */ = {isa = PBXFileReference; lastKnownFileType = sourcecode.swift; path = TGChatViewController.swift; sourceTree = "<group>"; };
		8A4BB3112D06D2FB00AAB4B8 /* TGMessageMapViewController.swift */ = {isa = PBXFileReference; lastKnownFileType = sourcecode.swift; path = TGMessageMapViewController.swift; sourceTree = "<group>"; };
		8A4BB3162D0824DB00AAB4B8 /* IMAudioMessageStateView.swift */ = {isa = PBXFileReference; fileEncoding = 4; lastKnownFileType = sourcecode.swift; path = IMAudioMessageStateView.swift; sourceTree = "<group>"; };
		8A4BB3172D0824DB00AAB4B8 /* IMRecordStateView.swift */ = {isa = PBXFileReference; fileEncoding = 4; lastKnownFileType = sourcecode.swift; path = IMRecordStateView.swift; sourceTree = "<group>"; };
		8A4BB3182D0824DC00AAB4B8 /* SpeechVoiceDetectManager.swift */ = {isa = PBXFileReference; fileEncoding = 4; lastKnownFileType = sourcecode.swift; path = SpeechVoiceDetectManager.swift; sourceTree = "<group>"; };
		8A4BB31C2D08273000AAB4B8 /* InputAudioRecordIndicatorView.swift */ = {isa = PBXFileReference; fileEncoding = 4; lastKnownFileType = sourcecode.swift; path = InputAudioRecordIndicatorView.swift; sourceTree = "<group>"; };
		8A4BB3222D08352B00AAB4B8 /* NMCJSBridge.js */ = {isa = PBXFileReference; fileEncoding = 4; lastKnownFileType = sourcecode.javascript; path = NMCJSBridge.js; sourceTree = "<group>"; };
		8A4BB3232D08352B00AAB4B8 /* NMCMessageDispatcher.swift */ = {isa = PBXFileReference; fileEncoding = 4; lastKnownFileType = sourcecode.swift; path = NMCMessageDispatcher.swift; sourceTree = "<group>"; };
		8A4BB3242D08352B00AAB4B8 /* NMCWebLoginParam.swift */ = {isa = PBXFileReference; fileEncoding = 4; lastKnownFileType = sourcecode.swift; path = NMCWebLoginParam.swift; sourceTree = "<group>"; };
		8A4BB3252D08352B00AAB4B8 /* NMCWebView.swift */ = {isa = PBXFileReference; fileEncoding = 4; lastKnownFileType = sourcecode.swift; path = NMCWebView.swift; sourceTree = "<group>"; };
		8A4BB3262D08352B00AAB4B8 /* NMCWhiteBoardManager.swift */ = {isa = PBXFileReference; fileEncoding = 4; lastKnownFileType = sourcecode.swift; path = NMCWhiteBoardManager.swift; sourceTree = "<group>"; };
		8A4BB3272D08352B00AAB4B8 /* NMCWhiteBoardViewController.swift */ = {isa = PBXFileReference; fileEncoding = 4; lastKnownFileType = sourcecode.swift; path = NMCWhiteBoardViewController.swift; sourceTree = "<group>"; };
		8A4BB33F2D084FDC00AAB4B8 /* TGIMNetworkManager.swift */ = {isa = PBXFileReference; lastKnownFileType = sourcecode.swift; path = TGIMNetworkManager.swift; sourceTree = "<group>"; };
		8A4BB3412D0850C000AAB4B8 /* WhiteBoardAuth.swift */ = {isa = PBXFileReference; lastKnownFileType = sourcecode.swift; path = WhiteBoardAuth.swift; sourceTree = "<group>"; };
		8A4BB3442D093BD300AAB4B8 /* WhiteBoardMessageCell.swift */ = {isa = PBXFileReference; lastKnownFileType = sourcecode.swift; path = WhiteBoardMessageCell.swift; sourceTree = "<group>"; };
		8A4BB3472D09446600AAB4B8 /* CustomAttachment.swift */ = {isa = PBXFileReference; lastKnownFileType = sourcecode.swift; path = CustomAttachment.swift; sourceTree = "<group>"; };
		8A4BB34C2D0A92A900AAB4B8 /* VideoCallingCell.swift */ = {isa = PBXFileReference; lastKnownFileType = sourcecode.swift; path = VideoCallingCell.swift; sourceTree = "<group>"; };
		8A9F0D252CF080790021462C /* YIYIFeedIMSDK.framework */ = {isa = PBXFileReference; explicitFileType = wrapper.framework; includeInIndex = 0; path = YIYIFeedIMSDK.framework; sourceTree = BUILT_PRODUCTS_DIR; };
		8A9F0D282CF080790021462C /* YIYIFeedIMSDK.h */ = {isa = PBXFileReference; lastKnownFileType = sourcecode.c.h; path = YIYIFeedIMSDK.h; sourceTree = "<group>"; };
		8A9F0D292CF080790021462C /* YIYIFeedIMSDK.docc */ = {isa = PBXFileReference; lastKnownFileType = folder.documentationcatalog; path = YIYIFeedIMSDK.docc; sourceTree = "<group>"; };
		8A9F0D352CF0819E0021462C /* TGViewController.swift */ = {isa = PBXFileReference; lastKnownFileType = sourcecode.swift; path = TGViewController.swift; sourceTree = "<group>"; };
		8A9F0D392CF089410021462C /* RLNIMSDKManager.swift */ = {isa = PBXFileReference; lastKnownFileType = sourcecode.swift; path = RLNIMSDKManager.swift; sourceTree = "<group>"; };
		8A9F0D3B2CF0911A0021462C /* RLSDKManager.swift */ = {isa = PBXFileReference; lastKnownFileType = sourcecode.swift; path = RLSDKManager.swift; sourceTree = "<group>"; };
		8A9F0D3D2CF093580021462C /* RLLoginParma.swift */ = {isa = PBXFileReference; lastKnownFileType = sourcecode.swift; path = RLLoginParma.swift; sourceTree = "<group>"; };
		8A9F0D412CF41ACD0021462C /* RLMessageData.swift */ = {isa = PBXFileReference; lastKnownFileType = sourcecode.swift; path = RLMessageData.swift; sourceTree = "<group>"; };
		8A9F0D432CF41BCB0021462C /* RLChatViewModel.swift */ = {isa = PBXFileReference; lastKnownFileType = sourcecode.swift; path = RLChatViewModel.swift; sourceTree = "<group>"; };
		8A9F0D452CF41D290021462C /* ChatLocaitonModel.swift */ = {isa = PBXFileReference; lastKnownFileType = sourcecode.swift; path = ChatLocaitonModel.swift; sourceTree = "<group>"; };
		8A9F0D472CF41D4B0021462C /* OperationItem.swift */ = {isa = PBXFileReference; lastKnownFileType = sourcecode.swift; path = OperationItem.swift; sourceTree = "<group>"; };
		8A9F0D492CF41D610021462C /* MessageUtils.swift */ = {isa = PBXFileReference; lastKnownFileType = sourcecode.swift; path = MessageUtils.swift; sourceTree = "<group>"; };
		8A9F0D4D2CF427560021462C /* RLConversationListViewController.swift */ = {isa = PBXFileReference; lastKnownFileType = sourcecode.swift; path = RLConversationListViewController.swift; sourceTree = "<group>"; };
		8A9F0D512CF427A90021462C /* UserInfoMessageCell.swift */ = {isa = PBXFileReference; fileEncoding = 4; lastKnownFileType = sourcecode.swift; path = UserInfoMessageCell.swift; sourceTree = "<group>"; };
		8A9F0D522CF427A90021462C /* BaseMessageCell.swift */ = {isa = PBXFileReference; fileEncoding = 4; lastKnownFileType = sourcecode.swift; path = BaseMessageCell.swift; sourceTree = "<group>"; };
		8A9F0D532CF427A90021462C /* LocationMessageCell.swift */ = {isa = PBXFileReference; fileEncoding = 4; lastKnownFileType = sourcecode.swift; path = LocationMessageCell.swift; sourceTree = "<group>"; };
		8A9F0D542CF427A90021462C /* ReplyMessageCell.swift */ = {isa = PBXFileReference; fileEncoding = 4; lastKnownFileType = sourcecode.swift; path = ReplyMessageCell.swift; sourceTree = "<group>"; };
		8A9F0D552CF427A90021462C /* FileMessageCell.swift */ = {isa = PBXFileReference; fileEncoding = 4; lastKnownFileType = sourcecode.swift; path = FileMessageCell.swift; sourceTree = "<group>"; };
		8A9F0D562CF427A90021462C /* AudioMessageCell.swift */ = {isa = PBXFileReference; fileEncoding = 4; lastKnownFileType = sourcecode.swift; path = AudioMessageCell.swift; sourceTree = "<group>"; };
		8A9F0D572CF427A90021462C /* TipMessageCell.swift */ = {isa = PBXFileReference; fileEncoding = 4; lastKnownFileType = sourcecode.swift; path = TipMessageCell.swift; sourceTree = "<group>"; };
		8A9F0D582CF427A90021462C /* TextMessageCell.swift */ = {isa = PBXFileReference; fileEncoding = 4; lastKnownFileType = sourcecode.swift; path = TextMessageCell.swift; sourceTree = "<group>"; };
		8A9F0D592CF427A90021462C /* ImageMessageCell.swift */ = {isa = PBXFileReference; fileEncoding = 4; lastKnownFileType = sourcecode.swift; path = ImageMessageCell.swift; sourceTree = "<group>"; };
		8A9F0D632CF429390021462C /* ConversationListCell.swift */ = {isa = PBXFileReference; fileEncoding = 4; lastKnownFileType = sourcecode.swift; path = ConversationListCell.swift; sourceTree = "<group>"; };
		8A9F0D652CF429BE0021462C /* ConversationViewModel.swift */ = {isa = PBXFileReference; fileEncoding = 4; lastKnownFileType = sourcecode.swift; path = ConversationViewModel.swift; sourceTree = "<group>"; };
		8A9F0D672CF42A290021462C /* RLTableView.swift */ = {isa = PBXFileReference; lastKnownFileType = sourcecode.swift; path = RLTableView.swift; sourceTree = "<group>"; };
		8A9F0D692CF42AC70021462C /* RLCollectionView.swift */ = {isa = PBXFileReference; fileEncoding = 4; lastKnownFileType = sourcecode.swift; path = RLCollectionView.swift; sourceTree = "<group>"; };
		8A9F0D6A2CF42AC70021462C /* RLColor.swift */ = {isa = PBXFileReference; fileEncoding = 4; lastKnownFileType = sourcecode.swift; path = RLColor.swift; sourceTree = "<group>"; };
		8A9F0D6B2CF42AC70021462C /* RLUserInterfacePrinciples.swift */ = {isa = PBXFileReference; fileEncoding = 4; lastKnownFileType = sourcecode.swift; path = RLUserInterfacePrinciples.swift; sourceTree = "<group>"; };
		8A9F0D6F2CF42D910021462C /* RLBaseChatViewController.swift */ = {isa = PBXFileReference; lastKnownFileType = sourcecode.swift; path = RLBaseChatViewController.swift; sourceTree = "<group>"; };
		8A9F0D722CF430E60021462C /* BaseChatInputView.swift */ = {isa = PBXFileReference; fileEncoding = 4; lastKnownFileType = sourcecode.swift; path = BaseChatInputView.swift; sourceTree = "<group>"; };
		8A9F0D732CF430E60021462C /* OperationCell.swift */ = {isa = PBXFileReference; fileEncoding = 4; lastKnownFileType = sourcecode.swift; path = OperationCell.swift; sourceTree = "<group>"; };
		8A9F0D742CF430E60021462C /* ChatRecordView.swift */ = {isa = PBXFileReference; fileEncoding = 4; lastKnownFileType = sourcecode.swift; path = ChatRecordView.swift; sourceTree = "<group>"; };
		8A9F0D752CF430E60021462C /* MapViewSearchView.swift */ = {isa = PBXFileReference; fileEncoding = 4; lastKnownFileType = sourcecode.swift; path = MapViewSearchView.swift; sourceTree = "<group>"; };
		8A9F0D762CF430E60021462C /* InputMoreCell.swift */ = {isa = PBXFileReference; fileEncoding = 4; lastKnownFileType = sourcecode.swift; path = InputMoreCell.swift; sourceTree = "<group>"; };
		8A9F0D772CF430E60021462C /* ChatMoreActionView.swift */ = {isa = PBXFileReference; fileEncoding = 4; lastKnownFileType = sourcecode.swift; path = ChatMoreActionView.swift; sourceTree = "<group>"; };
		8A9F0D782CF430E60021462C /* ReplyView.swift */ = {isa = PBXFileReference; fileEncoding = 4; lastKnownFileType = sourcecode.swift; path = ReplyView.swift; sourceTree = "<group>"; };
		8A9F0D792CF430E60021462C /* MessageOperationView.swift */ = {isa = PBXFileReference; fileEncoding = 4; lastKnownFileType = sourcecode.swift; path = MessageOperationView.swift; sourceTree = "<group>"; };
		8A9F0D822CF430FE0021462C /* TGEmojiPageView.swift */ = {isa = PBXFileReference; fileEncoding = 4; lastKnownFileType = sourcecode.swift; path = TGEmojiPageView.swift; sourceTree = "<group>"; };
		8A9F0D832CF430FE0021462C /* TGInputEmoticonContainerView.swift */ = {isa = PBXFileReference; fileEncoding = 4; lastKnownFileType = sourcecode.swift; path = TGInputEmoticonContainerView.swift; sourceTree = "<group>"; };
		8A9F0D842CF430FE0021462C /* TGInputEmoticonTabView.swift */ = {isa = PBXFileReference; fileEncoding = 4; lastKnownFileType = sourcecode.swift; path = TGInputEmoticonTabView.swift; sourceTree = "<group>"; };
		8A9F0D852CF430FE0021462C /* TGNEEmotionAttachment.swift */ = {isa = PBXFileReference; fileEncoding = 4; lastKnownFileType = sourcecode.swift; path = TGNEEmotionAttachment.swift; sourceTree = "<group>"; };
		8A9F0D862CF430FE0021462C /* TGNEEmotionTool.swift */ = {isa = PBXFileReference; fileEncoding = 4; lastKnownFileType = sourcecode.swift; path = TGNEEmotionTool.swift; sourceTree = "<group>"; };
		8A9F0D872CF430FE0021462C /* TGNIMInputEmoticonButton.swift */ = {isa = PBXFileReference; fileEncoding = 4; lastKnownFileType = sourcecode.swift; path = TGNIMInputEmoticonButton.swift; sourceTree = "<group>"; };
		8A9F0D882CF430FE0021462C /* TGNIMInputEmoticonDefine.swift */ = {isa = PBXFileReference; fileEncoding = 4; lastKnownFileType = sourcecode.swift; path = TGNIMInputEmoticonDefine.swift; sourceTree = "<group>"; };
		8A9F0D892CF430FE0021462C /* TGNIMInputEmoticonManager.swift */ = {isa = PBXFileReference; fileEncoding = 4; lastKnownFileType = sourcecode.swift; path = TGNIMInputEmoticonManager.swift; sourceTree = "<group>"; };
		8A9F0D8A2CF430FE0021462C /* NIMKitEmoticon.bundle */ = {isa = PBXFileReference; lastKnownFileType = "wrapper.plug-in"; path = NIMKitEmoticon.bundle; sourceTree = "<group>"; };
		8A9F0D962CF444A80021462C /* SCRefreshFooter.swift */ = {isa = PBXFileReference; fileEncoding = 4; lastKnownFileType = sourcecode.swift; path = SCRefreshFooter.swift; sourceTree = "<group>"; };
		8A9F0D972CF444A80021462C /* SCRefreshHeader.swift */ = {isa = PBXFileReference; fileEncoding = 4; lastKnownFileType = sourcecode.swift; path = SCRefreshHeader.swift; sourceTree = "<group>"; };
		8A9F0D9A2CF4464F0021462C /* SCCustomNavigationBar.swift */ = {isa = PBXFileReference; fileEncoding = 4; lastKnownFileType = sourcecode.swift; path = SCCustomNavigationBar.swift; sourceTree = "<group>"; };
		8A9F0D9C2CF44A550021462C /* RLMapClient.swift */ = {isa = PBXFileReference; lastKnownFileType = sourcecode.swift; path = RLMapClient.swift; sourceTree = "<group>"; };
		8A9F0D9E2CF44CD20021462C /* RLCurrentUserInfo.swift */ = {isa = PBXFileReference; lastKnownFileType = sourcecode.swift; path = RLCurrentUserInfo.swift; sourceTree = "<group>"; };
		8A9F0DA12CF44D6F0021462C /* UIImage+Extension.swift */ = {isa = PBXFileReference; fileEncoding = 4; lastKnownFileType = sourcecode.swift; path = "UIImage+Extension.swift"; sourceTree = "<group>"; };
		8A9F0DA22CF44D6F0021462C /* Int+Extension.swift */ = {isa = PBXFileReference; fileEncoding = 4; lastKnownFileType = sourcecode.swift; path = "Int+Extension.swift"; sourceTree = "<group>"; };
		8A9F0DA32CF44D6F0021462C /* UIView+Extension.swift */ = {isa = PBXFileReference; fileEncoding = 4; lastKnownFileType = sourcecode.swift; path = "UIView+Extension.swift"; sourceTree = "<group>"; };
		8A9F0DA42CF44D6F0021462C /* number+extensions.swift */ = {isa = PBXFileReference; fileEncoding = 4; lastKnownFileType = sourcecode.swift; path = "number+extensions.swift"; sourceTree = "<group>"; };
		8A9F0DA52CF44D6F0021462C /* Optional+Extension.swift */ = {isa = PBXFileReference; fileEncoding = 4; lastKnownFileType = sourcecode.swift; path = "Optional+Extension.swift"; sourceTree = "<group>"; };
		8A9F0DA62CF44D6F0021462C /* String+Extension.swift */ = {isa = PBXFileReference; fileEncoding = 4; lastKnownFileType = sourcecode.swift; path = "String+Extension.swift"; sourceTree = "<group>"; };
		8A9F0DA72CF44D6F0021462C /* UIViewController+Extension.swift */ = {isa = PBXFileReference; fileEncoding = 4; lastKnownFileType = sourcecode.swift; path = "UIViewController+Extension.swift"; sourceTree = "<group>"; };
		8A9F0DAF2CF44FD20021462C /* RLSendFileManager.swift */ = {isa = PBXFileReference; fileEncoding = 4; lastKnownFileType = sourcecode.swift; path = RLSendFileManager.swift; sourceTree = "<group>"; };
		8A9F0DB12CF44FEE0021462C /* RLAuthManager.swift */ = {isa = PBXFileReference; lastKnownFileType = sourcecode.swift; path = RLAuthManager.swift; sourceTree = "<group>"; };
		8A9F0DB42CF451E80021462C /* ImageCompress.swift */ = {isa = PBXFileReference; fileEncoding = 4; lastKnownFileType = sourcecode.swift; path = ImageCompress.swift; sourceTree = "<group>"; };
		8A9F0DB62CF451E80021462C /* FileUtils.swift */ = {isa = PBXFileReference; fileEncoding = 4; lastKnownFileType = sourcecode.swift; path = FileUtils.swift; sourceTree = "<group>"; };
		8A9F0DB72CF451E80021462C /* Then.swift */ = {isa = PBXFileReference; fileEncoding = 4; lastKnownFileType = sourcecode.swift; path = Then.swift; sourceTree = "<group>"; };
		8A9F0DB82CF451E80021462C /* LogManager.swift */ = {isa = PBXFileReference; fileEncoding = 4; lastKnownFileType = sourcecode.swift; path = LogManager.swift; sourceTree = "<group>"; };
		8A9F0DB92CF451E90021462C /* AuthorizeStatusUtils.swift */ = {isa = PBXFileReference; fileEncoding = 4; lastKnownFileType = sourcecode.swift; path = AuthorizeStatusUtils.swift; sourceTree = "<group>"; };
		8A9F0DBB2CF451E90021462C /* Action.swift */ = {isa = PBXFileReference; fileEncoding = 4; lastKnownFileType = sourcecode.swift; path = Action.swift; sourceTree = "<group>"; };
		8A9F0DBD2CF451E90021462C /* UIView+Actions.swift */ = {isa = PBXFileReference; fileEncoding = 4; lastKnownFileType = sourcecode.swift; path = "UIView+Actions.swift"; sourceTree = "<group>"; };
		8A9F0DCF2CF48B3B0021462C /* reaction-angry.json */ = {isa = PBXFileReference; fileEncoding = 4; lastKnownFileType = text.json; path = "reaction-angry.json"; sourceTree = "<group>"; };
		8A9F0DD02CF48B3B0021462C /* reaction-awesome.json */ = {isa = PBXFileReference; fileEncoding = 4; lastKnownFileType = text.json; path = "reaction-awesome.json"; sourceTree = "<group>"; };
		8A9F0DD12CF48B3B0021462C /* reaction-cry.json */ = {isa = PBXFileReference; fileEncoding = 4; lastKnownFileType = text.json; path = "reaction-cry.json"; sourceTree = "<group>"; };
		8A9F0DD22CF48B3B0021462C /* reaction-like.json */ = {isa = PBXFileReference; fileEncoding = 4; lastKnownFileType = text.json; path = "reaction-like.json"; sourceTree = "<group>"; };
		8A9F0DD32CF48B3B0021462C /* reaction-love.json */ = {isa = PBXFileReference; fileEncoding = 4; lastKnownFileType = text.json; path = "reaction-love.json"; sourceTree = "<group>"; };
		8A9F0DD42CF48B3B0021462C /* reaction-wow.json */ = {isa = PBXFileReference; fileEncoding = 4; lastKnownFileType = text.json; path = "reaction-wow.json"; sourceTree = "<group>"; };
		8A9F0DD62CF48B3B0021462C /* zh-Hans */ = {isa = PBXFileReference; lastKnownFileType = text.plist.strings; name = "zh-Hans"; path = "zh-Hans.lproj/Localizable.strings"; sourceTree = "<group>"; };
		8A9F0DD82CF48B3B0021462C /* ja */ = {isa = PBXFileReference; lastKnownFileType = text.plist.strings; name = ja; path = ja.lproj/Localizable.strings; sourceTree = "<group>"; };
		8A9F0DDA2CF48B3B0021462C /* en */ = {isa = PBXFileReference; lastKnownFileType = text.plist.strings; name = en; path = en.lproj/Localizable.strings; sourceTree = "<group>"; };
		8A9F0DDC2CF48B3B0021462C /* ms */ = {isa = PBXFileReference; lastKnownFileType = text.plist.strings; name = ms; path = ms.lproj/Localizable.strings; sourceTree = "<group>"; };
		8A9F0DDE2CF48B3B0021462C /* ko */ = {isa = PBXFileReference; lastKnownFileType = text.plist.strings; name = ko; path = ko.lproj/Localizable.strings; sourceTree = "<group>"; };
		8A9F0DE02CF48B3B0021462C /* fil */ = {isa = PBXFileReference; lastKnownFileType = text.plist.strings; name = fil; path = fil.lproj/Localizable.strings; sourceTree = "<group>"; };
		8A9F0DE22CF48B3B0021462C /* zh-Hant */ = {isa = PBXFileReference; lastKnownFileType = text.plist.strings; name = "zh-Hant"; path = "zh-Hant.lproj/Localizable.strings"; sourceTree = "<group>"; };
		8A9F0DE42CF48B3B0021462C /* vi */ = {isa = PBXFileReference; lastKnownFileType = text.plist.strings; name = vi; path = vi.lproj/Localizable.strings; sourceTree = "<group>"; };
		8A9F0DE62CF48B3B0021462C /* id */ = {isa = PBXFileReference; lastKnownFileType = text.plist.strings; name = id; path = id.lproj/Localizable.strings; sourceTree = "<group>"; };
		8A9F0DE82CF48B3B0021462C /* th */ = {isa = PBXFileReference; lastKnownFileType = text.plist.strings; name = th; path = th.lproj/Localizable.strings; sourceTree = "<group>"; };
		8A9F0DEA2CF48B3B0021462C /* SDKResource.bundle */ = {isa = PBXFileReference; lastKnownFileType = "wrapper.plug-in"; path = SDKResource.bundle; sourceTree = "<group>"; };
		8A9F0DEB2CF48B3B0021462C /* speaking.json */ = {isa = PBXFileReference; fileEncoding = 4; lastKnownFileType = text.json; path = speaking.json; sourceTree = "<group>"; };
		8A9F0DEC2CF48B3B0021462C /* speech_to_text_progress.json */ = {isa = PBXFileReference; fileEncoding = 4; lastKnownFileType = text.json; path = speech_to_text_progress.json; sourceTree = "<group>"; };
		8A9F0E012CF575CC0021462C /* RLMessageViewController.swift */ = {isa = PBXFileReference; lastKnownFileType = sourcecode.swift; path = RLMessageViewController.swift; sourceTree = "<group>"; };
		8A9F0E032CF57E520021462C /* TGNavigationController.swift */ = {isa = PBXFileReference; fileEncoding = 4; lastKnownFileType = sourcecode.swift; path = TGNavigationController.swift; sourceTree = "<group>"; };
		8A9F0E052CF6B6E60021462C /* ChatViewConfig.swift */ = {isa = PBXFileReference; fileEncoding = 4; lastKnownFileType = sourcecode.swift; path = ChatViewConfig.swift; sourceTree = "<group>"; };
		8A9F0E992CF6F5530021462C /* RLAudioVideoCallViewController.swift */ = {isa = PBXFileReference; lastKnownFileType = sourcecode.swift; path = RLAudioVideoCallViewController.swift; sourceTree = "<group>"; };
		8A9F0E9B2CF6F5C10021462C /* AudioVideoViewModel.swift */ = {isa = PBXFileReference; lastKnownFileType = sourcecode.swift; path = AudioVideoViewModel.swift; sourceTree = "<group>"; };
		8A9F0E9D2CF6F6910021462C /* CustomAttachmentDefines.swift */ = {isa = PBXFileReference; fileEncoding = 4; lastKnownFileType = sourcecode.swift; path = CustomAttachmentDefines.swift; sourceTree = "<group>"; };
		8A9F0E9E2CF6F6910021462C /* CustomAttachmentDecoder.swift */ = {isa = PBXFileReference; fileEncoding = 4; lastKnownFileType = sourcecode.swift; path = CustomAttachmentDecoder.swift; sourceTree = "<group>"; };
		8A9F0EA12CF6F7D00021462C /* TimerHolder.swift */ = {isa = PBXFileReference; fileEncoding = 4; lastKnownFileType = sourcecode.swift; path = TimerHolder.swift; sourceTree = "<group>"; };
		8A9F0EA32CF6F9270021462C /* NetCallChatInfo.swift */ = {isa = PBXFileReference; lastKnownFileType = sourcecode.swift; path = NetCallChatInfo.swift; sourceTree = "<group>"; };
		8A9F0EA52CF707820021462C /* RLAudioCallController.swift */ = {isa = PBXFileReference; lastKnownFileType = sourcecode.swift; path = RLAudioCallController.swift; sourceTree = "<group>"; };
		8ABF5F3B2CF822AE001DC11E /* ExtensionStringCrypto.swift */ = {isa = PBXFileReference; fileEncoding = 4; lastKnownFileType = sourcecode.swift; path = ExtensionStringCrypto.swift; sourceTree = "<group>"; };
		8ABF5F3D2CF82395001DC11E /* IMNotificationCenter.swift */ = {isa = PBXFileReference; fileEncoding = 4; lastKnownFileType = sourcecode.swift; path = IMNotificationCenter.swift; sourceTree = "<group>"; };
		8ABF5F452CF9C668001DC11E /* TGIMTeamMeetingController.swift */ = {isa = PBXFileReference; lastKnownFileType = sourcecode.swift; path = TGIMTeamMeetingController.swift; sourceTree = "<group>"; };
		8ABF5F472CF9C8D4001DC11E /* UILabel+Extension.swift */ = {isa = PBXFileReference; fileEncoding = 4; lastKnownFileType = sourcecode.swift; path = "UILabel+Extension.swift"; sourceTree = "<group>"; };
		8ABF5F492CF9CCED001DC11E /* TeamMeetingViewModel.swift */ = {isa = PBXFileReference; lastKnownFileType = sourcecode.swift; path = TeamMeetingViewModel.swift; sourceTree = "<group>"; };
		9B7FF8D3AB0A77F6C7BA2655 /* Pods-YIYISDKDemo-YIYIFeedIMSDK.release.xcconfig */ = {isa = PBXFileReference; includeInIndex = 1; lastKnownFileType = text.xcconfig; name = "Pods-YIYISDKDemo-YIYIFeedIMSDK.release.xcconfig"; path = "Target Support Files/Pods-YIYISDKDemo-YIYIFeedIMSDK/Pods-YIYISDKDemo-YIYIFeedIMSDK.release.xcconfig"; sourceTree = "<group>"; };
		C8BD6A12FE67EB49C19F3D71 /* Pods_YIYISDKDemo_YIYIFeedIMSDK.framework */ = {isa = PBXFileReference; explicitFileType = wrapper.framework; includeInIndex = 0; path = Pods_YIYISDKDemo_YIYIFeedIMSDK.framework; sourceTree = BUILT_PRODUCTS_DIR; };
		F57A36EF2D004FBD00159F31 /* TGFeedCommentListModel.swift */ = {isa = PBXFileReference; lastKnownFileType = sourcecode.swift; path = TGFeedCommentListModel.swift; sourceTree = "<group>"; };
		F5CD2C562CFEB40500EA7C7A /* TGFeedNetworkManager.swift */ = {isa = PBXFileReference; lastKnownFileType = sourcecode.swift; path = TGFeedNetworkManager.swift; sourceTree = "<group>"; };
		F5CD2C572CFEB40500EA7C7A /* TGNetworkManager.swift */ = {isa = PBXFileReference; lastKnownFileType = sourcecode.swift; path = TGNetworkManager.swift; sourceTree = "<group>"; };
		F5CD2C582CFEB40500EA7C7A /* ServerResponseDataTransforms.swift */ = {isa = PBXFileReference; lastKnownFileType = sourcecode.swift; path = ServerResponseDataTransforms.swift; sourceTree = "<group>"; };
		F5CD2C5D2CFEB4C400EA7C7A /* FeedCommentLabelModel.swift */ = {isa = PBXFileReference; lastKnownFileType = sourcecode.swift; path = FeedCommentLabelModel.swift; sourceTree = "<group>"; };
		F5CD2C5E2CFEB4C400EA7C7A /* FeedListCellModel.swift */ = {isa = PBXFileReference; lastKnownFileType = sourcecode.swift; path = FeedListCellModel.swift; sourceTree = "<group>"; };
		F5CD2C5F2CFEB4C400EA7C7A /* FeedListModel.swift */ = {isa = PBXFileReference; lastKnownFileType = sourcecode.swift; path = FeedListModel.swift; sourceTree = "<group>"; };
		F5CD2C602CFEB4C400EA7C7A /* PictureModeler.swift */ = {isa = PBXFileReference; lastKnownFileType = sourcecode.swift; path = PictureModeler.swift; sourceTree = "<group>"; };
		F5CD2C612CFEB4C400EA7C7A /* SharedViewModel.swift */ = {isa = PBXFileReference; lastKnownFileType = sourcecode.swift; path = SharedViewModel.swift; sourceTree = "<group>"; };
		F5CD2C622CFEB4C400EA7C7A /* TGFeedResponse.swift */ = {isa = PBXFileReference; lastKnownFileType = sourcecode.swift; path = TGFeedResponse.swift; sourceTree = "<group>"; };
		F5CD2C632CFEB4C400EA7C7A /* TopicListModel.swift */ = {isa = PBXFileReference; lastKnownFileType = sourcecode.swift; path = TopicListModel.swift; sourceTree = "<group>"; };
		F5CD2C642CFEB4C400EA7C7A /* TSPostLocationModel.swift */ = {isa = PBXFileReference; lastKnownFileType = sourcecode.swift; path = TSPostLocationModel.swift; sourceTree = "<group>"; };
		F5CD2C662CFEB4C400EA7C7A /* AvatarUserNameView.swift */ = {isa = PBXFileReference; lastKnownFileType = sourcecode.swift; path = AvatarUserNameView.swift; sourceTree = "<group>"; };
		F5CD2C672CFEB4C400EA7C7A /* FeedDetailCommentTableViewCell.swift */ = {isa = PBXFileReference; lastKnownFileType = sourcecode.swift; path = FeedDetailCommentTableViewCell.swift; sourceTree = "<group>"; };
		F5CD2C682CFEB4C400EA7C7A /* FeedDetailTableHeaderView.swift */ = {isa = PBXFileReference; lastKnownFileType = sourcecode.swift; path = FeedDetailTableHeaderView.swift; sourceTree = "<group>"; };
		F5CD2C692CFEB4C400EA7C7A /* FeedImageSliderView.swift */ = {isa = PBXFileReference; lastKnownFileType = sourcecode.swift; path = FeedImageSliderView.swift; sourceTree = "<group>"; };
		F5CD2C6A2CFEB4C400EA7C7A /* FeedToolBarButton.swift */ = {isa = PBXFileReference; lastKnownFileType = sourcecode.swift; path = FeedToolBarButton.swift; sourceTree = "<group>"; };
		F5CD2C6B2CFEB4C400EA7C7A /* TGDetailCommentTableViewCell.swift */ = {isa = PBXFileReference; lastKnownFileType = sourcecode.swift; path = TGDetailCommentTableViewCell.swift; sourceTree = "<group>"; };
		F5CD2C6C2CFEB4C400EA7C7A /* TGMomentDetailNavTitle.swift */ = {isa = PBXFileReference; lastKnownFileType = sourcecode.swift; path = TGMomentDetailNavTitle.swift; sourceTree = "<group>"; };
		F5CD2C6E2CFEB4C400EA7C7A /* TGFeedInfoDetailViewController.swift */ = {isa = PBXFileReference; lastKnownFileType = sourcecode.swift; path = TGFeedInfoDetailViewController.swift; sourceTree = "<group>"; };
		F5CD2C802CFEB51C00EA7C7A /* StoreManager.swift */ = {isa = PBXFileReference; lastKnownFileType = sourcecode.swift; path = StoreManager.swift; sourceTree = "<group>"; };
		F5CD2C812CFEB51C00EA7C7A /* TGAppTheme.swift */ = {isa = PBXFileReference; lastKnownFileType = sourcecode.swift; path = TGAppTheme.swift; sourceTree = "<group>"; };
		F5CD2C852CFEB5A800EA7C7A /* TGUserInfoModel.swift */ = {isa = PBXFileReference; lastKnownFileType = sourcecode.swift; path = TGUserInfoModel.swift; sourceTree = "<group>"; };
		F5CD2C862CFEB5A800EA7C7A /* UserInfoType.swift */ = {isa = PBXFileReference; lastKnownFileType = sourcecode.swift; path = UserInfoType.swift; sourceTree = "<group>"; };
		F5CD2C872CFEB5A800EA7C7A /* UserStatusEnum.swift */ = {isa = PBXFileReference; lastKnownFileType = sourcecode.swift; path = UserStatusEnum.swift; sourceTree = "<group>"; };
		F5CD2C8D2CFEB5C200EA7C7A /* Calendar+Extension.swift */ = {isa = PBXFileReference; lastKnownFileType = sourcecode.swift; path = "Calendar+Extension.swift"; sourceTree = "<group>"; };
		F5CD2C8E2CFEB5C200EA7C7A /* NSUserDefault+Cache.swift */ = {isa = PBXFileReference; lastKnownFileType = sourcecode.swift; path = "NSUserDefault+Cache.swift"; sourceTree = "<group>"; };
		F5CD2C8F2CFEB5C200EA7C7A /* View+Extension.swift */ = {isa = PBXFileReference; lastKnownFileType = sourcecode.swift; path = "View+Extension.swift"; sourceTree = "<group>"; };
		F5CD2C942CFEB76800EA7C7A /* TGAvatarView.swift */ = {isa = PBXFileReference; lastKnownFileType = sourcecode.swift; path = TGAvatarView.swift; sourceTree = "<group>"; };
/* End PBXFileReference section */

/* Begin PBXFrameworksBuildPhase section */
		8A9F0D222CF080790021462C /* Frameworks */ = {
			isa = PBXFrameworksBuildPhase;
			buildActionMask = 2147483647;
			files = (
				69A3BD90D88445A37D6CA694 /* Pods_YIYISDKDemo_YIYIFeedIMSDK.framework in Frameworks */,
			);
			runOnlyForDeploymentPostprocessing = 0;
		};
/* End PBXFrameworksBuildPhase section */

/* Begin PBXGroup section */
		1D75CF0F2CA8AE5B48E0A191 /* Frameworks */ = {
			isa = PBXGroup;
			children = (
				C8BD6A12FE67EB49C19F3D71 /* Pods_YIYISDKDemo_YIYIFeedIMSDK.framework */,
			);
			name = Frameworks;
			sourceTree = "<group>";
		};
		4E477AFE33689D507F65EBC1 /* Pods */ = {
			isa = PBXGroup;
			children = (
				11DB54BD2D907883BDB15C84 /* Pods-YIYISDKDemo-YIYIFeedIMSDK.debug.xcconfig */,
				9B7FF8D3AB0A77F6C7BA2655 /* Pods-YIYISDKDemo-YIYIFeedIMSDK.release.xcconfig */,
			);
			name = Pods;
			path = ../Pods;
			sourceTree = "<group>";
		};
		8A4BB32C2D08352B00AAB4B8 /* Whiteboard */ = {
			isa = PBXGroup;
			children = (
				8A4BB3222D08352B00AAB4B8 /* NMCJSBridge.js */,
				8A4BB3232D08352B00AAB4B8 /* NMCMessageDispatcher.swift */,
				8A4BB3242D08352B00AAB4B8 /* NMCWebLoginParam.swift */,
				8A4BB3252D08352B00AAB4B8 /* NMCWebView.swift */,
				8A4BB3262D08352B00AAB4B8 /* NMCWhiteBoardManager.swift */,
				8A4BB3272D08352B00AAB4B8 /* NMCWhiteBoardViewController.swift */,
			);
			path = Whiteboard;
			sourceTree = "<group>";
		};
		8A4BB3462D09442100AAB4B8 /* CustomAttachment */ = {
			isa = PBXGroup;
			children = (
				8A4BB3472D09446600AAB4B8 /* CustomAttachment.swift */,
			);
			path = CustomAttachment;
			sourceTree = "<group>";
		};
		8A9F0D1B2CF080790021462C = {
			isa = PBXGroup;
			children = (
				8A9F0D272CF080790021462C /* YIYIFeedIMSDK */,
				8A9F0D262CF080790021462C /* Products */,
				4E477AFE33689D507F65EBC1 /* Pods */,
				1D75CF0F2CA8AE5B48E0A191 /* Frameworks */,
			);
			sourceTree = "<group>";
		};
		8A9F0D262CF080790021462C /* Products */ = {
			isa = PBXGroup;
			children = (
				8A9F0D252CF080790021462C /* YIYIFeedIMSDK.framework */,
			);
			name = Products;
			sourceTree = "<group>";
		};
		8A9F0D272CF080790021462C /* YIYIFeedIMSDK */ = {
			isa = PBXGroup;
			children = (
				F5CD2C892CFEB5A800EA7C7A /* User */,
				F5CD2C822CFEB51C00EA7C7A /* TogaCore */,
				F5CD2C6F2CFEB4C400EA7C7A /* Feed */,
				F5BAEB222CF8085E007977D9 /* NetworkServices */,
				8A9F0DEA2CF48B3B0021462C /* SDKResource.bundle */,
				8A9F0DED2CF48B3B0021462C /* Resources */,
				8A9F0DB32CF451B40021462C /* Units */,
				8A9F0DA02CF44D240021462C /* Extension */,
				8A9F0D952CF444490021462C /* CustomView */,
				8A9F0D372CF088FA0021462C /* Message */,
				8A9F0D282CF080790021462C /* YIYIFeedIMSDK.h */,
				8A9F0D292CF080790021462C /* YIYIFeedIMSDK.docc */,
				8A9F0D352CF0819E0021462C /* TGViewController.swift */,
				8A9F0E032CF57E520021462C /* TGNavigationController.swift */,
				8A9F0D672CF42A290021462C /* RLTableView.swift */,
				8A9F0D692CF42AC70021462C /* RLCollectionView.swift */,
				8A9F0D6A2CF42AC70021462C /* RLColor.swift */,
				8A9F0D6B2CF42AC70021462C /* RLUserInterfacePrinciples.swift */,
				8A9F0D3B2CF0911A0021462C /* RLSDKManager.swift */,
				8A9F0D3D2CF093580021462C /* RLLoginParma.swift */,
				8A9F0D9E2CF44CD20021462C /* RLCurrentUserInfo.swift */,
			);
			path = YIYIFeedIMSDK;
			sourceTree = "<group>";
		};
		8A9F0D372CF088FA0021462C /* Message */ = {
			isa = PBXGroup;
			children = (
				8A4BB3462D09442100AAB4B8 /* CustomAttachment */,
				8A4BB32C2D08352B00AAB4B8 /* Whiteboard */,
				8A9F0D8B2CF430FE0021462C /* Emoji */,
				8A9F0D712CF430C20021462C /* Views */,
				8A9F0D502CF427770021462C /* Cells */,
				8A9F0D402CF41A6E0021462C /* Model */,
				8A9F0D3F2CF41A560021462C /* ViewModel */,
				8A9F0D382CF089120021462C /* IMUtils */,
				8A9F0D4D2CF427560021462C /* RLConversationListViewController.swift */,
				8A9F0D6F2CF42D910021462C /* RLBaseChatViewController.swift */,
				8A027A5C2CFDBE29008D1AC7 /* TGChatViewController.swift */,
				8A9F0E012CF575CC0021462C /* RLMessageViewController.swift */,
				8A9F0E992CF6F5530021462C /* RLAudioVideoCallViewController.swift */,
				8A9F0EA52CF707820021462C /* RLAudioCallController.swift */,
				8ABF5F452CF9C668001DC11E /* TGIMTeamMeetingController.swift */,
				8A4BB3112D06D2FB00AAB4B8 /* TGMessageMapViewController.swift */,
			);
			path = Message;
			sourceTree = "<group>";
		};
		8A9F0D382CF089120021462C /* IMUtils */ = {
			isa = PBXGroup;
			children = (
				8ABF5F3D2CF82395001DC11E /* IMNotificationCenter.swift */,
				8A9F0EA12CF6F7D00021462C /* TimerHolder.swift */,
				8A9F0E052CF6B6E60021462C /* ChatViewConfig.swift */,
				8A9F0DAF2CF44FD20021462C /* RLSendFileManager.swift */,
				8A9F0D392CF089410021462C /* RLNIMSDKManager.swift */,
				8A9F0D492CF41D610021462C /* MessageUtils.swift */,
				8A9F0D9C2CF44A550021462C /* RLMapClient.swift */,
				8A9F0DB12CF44FEE0021462C /* RLAuthManager.swift */,
				8A9F0E9E2CF6F6910021462C /* CustomAttachmentDecoder.swift */,
				8A9F0E9D2CF6F6910021462C /* CustomAttachmentDefines.swift */,
			);
			path = IMUtils;
			sourceTree = "<group>";
		};
		8A9F0D3F2CF41A560021462C /* ViewModel */ = {
			isa = PBXGroup;
			children = (
				8A9F0D652CF429BE0021462C /* ConversationViewModel.swift */,
				8A9F0D432CF41BCB0021462C /* RLChatViewModel.swift */,
				8A027A582CFD9AF6008D1AC7 /* TGChatViewModel.swift */,
				8A9F0E9B2CF6F5C10021462C /* AudioVideoViewModel.swift */,
				8ABF5F492CF9CCED001DC11E /* TeamMeetingViewModel.swift */,
			);
			path = ViewModel;
			sourceTree = "<group>";
		};
		8A9F0D402CF41A6E0021462C /* Model */ = {
			isa = PBXGroup;
			children = (
				8A9F0D412CF41ACD0021462C /* RLMessageData.swift */,
				8A027A5A2CFDAD76008D1AC7 /* TGMessageData.swift */,
				8A9F0D452CF41D290021462C /* ChatLocaitonModel.swift */,
				8A9F0D472CF41D4B0021462C /* OperationItem.swift */,
				8A9F0EA32CF6F9270021462C /* NetCallChatInfo.swift */,
				8A4BB3412D0850C000AAB4B8 /* WhiteBoardAuth.swift */,
			);
			path = Model;
			sourceTree = "<group>";
		};
		8A9F0D502CF427770021462C /* Cells */ = {
			isa = PBXGroup;
			children = (
				8A9F0D632CF429390021462C /* ConversationListCell.swift */,
				8A9F0D562CF427A90021462C /* AudioMessageCell.swift */,
				8A9F0D522CF427A90021462C /* BaseMessageCell.swift */,
				8A9F0D552CF427A90021462C /* FileMessageCell.swift */,
				8A9F0D592CF427A90021462C /* ImageMessageCell.swift */,
				8A9F0D532CF427A90021462C /* LocationMessageCell.swift */,
				8A9F0D542CF427A90021462C /* ReplyMessageCell.swift */,
				8A9F0D582CF427A90021462C /* TextMessageCell.swift */,
				8A4BB3442D093BD300AAB4B8 /* WhiteBoardMessageCell.swift */,
				8A9F0D572CF427A90021462C /* TipMessageCell.swift */,
				8A4BB34C2D0A92A900AAB4B8 /* VideoCallingCell.swift */,
				8A9F0D512CF427A90021462C /* UserInfoMessageCell.swift */,
				8A027A522CFD5CCA008D1AC7 /* TGTeamMeetingCell.swift */,
				8A027A542CFD5F52008D1AC7 /* TGTeamMeetingPreviewCell.swift */,
			);
			path = Cells;
			sourceTree = "<group>";
		};
		8A9F0D712CF430C20021462C /* Views */ = {
			isa = PBXGroup;
			children = (
				8A4BB31C2D08273000AAB4B8 /* InputAudioRecordIndicatorView.swift */,
				8A4BB3162D0824DB00AAB4B8 /* IMAudioMessageStateView.swift */,
				8A4BB3172D0824DB00AAB4B8 /* IMRecordStateView.swift */,
				8A4BB3182D0824DC00AAB4B8 /* SpeechVoiceDetectManager.swift */,
				8A9F0D722CF430E60021462C /* BaseChatInputView.swift */,
				8A9F0D772CF430E60021462C /* ChatMoreActionView.swift */,
				8A9F0D742CF430E60021462C /* ChatRecordView.swift */,
				8A9F0D762CF430E60021462C /* InputMoreCell.swift */,
				8A9F0D752CF430E60021462C /* MapViewSearchView.swift */,
				8A9F0D792CF430E60021462C /* MessageOperationView.swift */,
				8A9F0D732CF430E60021462C /* OperationCell.swift */,
				8A9F0D782CF430E60021462C /* ReplyView.swift */,
				8A027A562CFD5FF5008D1AC7 /* TGIMContactViewLayout.swift */,
			);
			path = Views;
			sourceTree = "<group>";
		};
		8A9F0D8B2CF430FE0021462C /* Emoji */ = {
			isa = PBXGroup;
			children = (
				8A9F0D822CF430FE0021462C /* TGEmojiPageView.swift */,
				8A9F0D832CF430FE0021462C /* TGInputEmoticonContainerView.swift */,
				8A9F0D842CF430FE0021462C /* TGInputEmoticonTabView.swift */,
				8A9F0D852CF430FE0021462C /* TGNEEmotionAttachment.swift */,
				8A9F0D862CF430FE0021462C /* TGNEEmotionTool.swift */,
				8A9F0D872CF430FE0021462C /* TGNIMInputEmoticonButton.swift */,
				8A9F0D882CF430FE0021462C /* TGNIMInputEmoticonDefine.swift */,
				8A9F0D892CF430FE0021462C /* TGNIMInputEmoticonManager.swift */,
				8A9F0D8A2CF430FE0021462C /* NIMKitEmoticon.bundle */,
			);
			path = Emoji;
			sourceTree = "<group>";
		};
		8A9F0D952CF444490021462C /* CustomView */ = {
			isa = PBXGroup;
			children = (
				F5CD2C942CFEB76800EA7C7A /* TGAvatarView.swift */,
				8A9F0D9A2CF4464F0021462C /* SCCustomNavigationBar.swift */,
				8A9F0D962CF444A80021462C /* SCRefreshFooter.swift */,
				8A9F0D972CF444A80021462C /* SCRefreshHeader.swift */,
			);
			path = CustomView;
			sourceTree = "<group>";
		};
		8A9F0DA02CF44D240021462C /* Extension */ = {
			isa = PBXGroup;
			children = (
				F5CD2C8D2CFEB5C200EA7C7A /* Calendar+Extension.swift */,
				F5CD2C8E2CFEB5C200EA7C7A /* NSUserDefault+Cache.swift */,
				F5CD2C8F2CFEB5C200EA7C7A /* View+Extension.swift */,
				8ABF5F472CF9C8D4001DC11E /* UILabel+Extension.swift */,
				8ABF5F3B2CF822AE001DC11E /* ExtensionStringCrypto.swift */,
				8A9F0DA22CF44D6F0021462C /* Int+Extension.swift */,
				8A9F0DA42CF44D6F0021462C /* number+extensions.swift */,
				8A9F0DA52CF44D6F0021462C /* Optional+Extension.swift */,
				8A9F0DA62CF44D6F0021462C /* String+Extension.swift */,
				8A9F0DA12CF44D6F0021462C /* UIImage+Extension.swift */,
				8A9F0DA32CF44D6F0021462C /* UIView+Extension.swift */,
				8A9F0DA72CF44D6F0021462C /* UIViewController+Extension.swift */,
			);
			path = Extension;
			sourceTree = "<group>";
		};
		8A9F0DB32CF451B40021462C /* Units */ = {
			isa = PBXGroup;
			children = (
				8A9F0DBB2CF451E90021462C /* Action.swift */,
				8A9F0DB92CF451E90021462C /* AuthorizeStatusUtils.swift */,
				8A9F0DB62CF451E80021462C /* FileUtils.swift */,
				8A9F0DB42CF451E80021462C /* ImageCompress.swift */,
				8A9F0DB82CF451E80021462C /* LogManager.swift */,
				8A9F0DB72CF451E80021462C /* Then.swift */,
				8A9F0DBD2CF451E90021462C /* UIView+Actions.swift */,
				8A027A502CFD5A38008D1AC7 /* TGReachability.swift */,
			);
			path = Units;
			sourceTree = "<group>";
		};
		8A9F0DD52CF48B3B0021462C /* reactions */ = {
			isa = PBXGroup;
			children = (
				8A9F0DCF2CF48B3B0021462C /* reaction-angry.json */,
				8A9F0DD02CF48B3B0021462C /* reaction-awesome.json */,
				8A9F0DD12CF48B3B0021462C /* reaction-cry.json */,
				8A9F0DD22CF48B3B0021462C /* reaction-like.json */,
				8A9F0DD32CF48B3B0021462C /* reaction-love.json */,
				8A9F0DD42CF48B3B0021462C /* reaction-wow.json */,
			);
			path = reactions;
			sourceTree = "<group>";
		};
		8A9F0DED2CF48B3B0021462C /* Resources */ = {
			isa = PBXGroup;
			children = (
				8A9F0DD52CF48B3B0021462C /* reactions */,
				8A9F0DD72CF48B3B0021462C /* Localizable.strings */,
				8A9F0DD92CF48B3B0021462C /* Localizable.strings */,
				8A9F0DDB2CF48B3B0021462C /* Localizable.strings */,
				8A9F0DDD2CF48B3B0021462C /* Localizable.strings */,
				8A9F0DDF2CF48B3B0021462C /* Localizable.strings */,
				8A9F0DE12CF48B3B0021462C /* Localizable.strings */,
				8A9F0DE32CF48B3B0021462C /* Localizable.strings */,
				8A9F0DE52CF48B3B0021462C /* Localizable.strings */,
				8A9F0DE72CF48B3B0021462C /* Localizable.strings */,
				8A9F0DE92CF48B3B0021462C /* Localizable.strings */,
				8A9F0DEB2CF48B3B0021462C /* speaking.json */,
				8A9F0DEC2CF48B3B0021462C /* speech_to_text_progress.json */,
			);
			path = Resources;
			sourceTree = "<group>";
		};
		F5BAEB222CF8085E007977D9 /* NetworkServices */ = {
			isa = PBXGroup;
			children = (
				8A4BB33F2D084FDC00AAB4B8 /* TGIMNetworkManager.swift */,
				F5CD2C562CFEB40500EA7C7A /* TGFeedNetworkManager.swift */,
				F5CD2C572CFEB40500EA7C7A /* TGNetworkManager.swift */,
				F5CD2C592CFEB40500EA7C7A /* Tool */,
			);
			path = NetworkServices;
			sourceTree = "<group>";
		};
		F5CD2C592CFEB40500EA7C7A /* Tool */ = {
			isa = PBXGroup;
			children = (
				F5CD2C582CFEB40500EA7C7A /* ServerResponseDataTransforms.swift */,
			);
			path = Tool;
			sourceTree = "<group>";
		};
		F5CD2C652CFEB4C400EA7C7A /* Models */ = {
			isa = PBXGroup;
			children = (
				F5CD2C5D2CFEB4C400EA7C7A /* FeedCommentLabelModel.swift */,
				F5CD2C5E2CFEB4C400EA7C7A /* FeedListCellModel.swift */,
				F5CD2C5F2CFEB4C400EA7C7A /* FeedListModel.swift */,
				F5CD2C602CFEB4C400EA7C7A /* PictureModeler.swift */,
				F5CD2C612CFEB4C400EA7C7A /* SharedViewModel.swift */,
				F5CD2C622CFEB4C400EA7C7A /* TGFeedResponse.swift */,
				F5CD2C632CFEB4C400EA7C7A /* TopicListModel.swift */,
				F5CD2C642CFEB4C400EA7C7A /* TSPostLocationModel.swift */,
				F57A36EF2D004FBD00159F31 /* TGFeedCommentListModel.swift */,
			);
			path = Models;
			sourceTree = "<group>";
		};
		F5CD2C6D2CFEB4C400EA7C7A /* Views */ = {
			isa = PBXGroup;
			children = (
				F5CD2C662CFEB4C400EA7C7A /* AvatarUserNameView.swift */,
				F5CD2C672CFEB4C400EA7C7A /* FeedDetailCommentTableViewCell.swift */,
				F5CD2C682CFEB4C400EA7C7A /* FeedDetailTableHeaderView.swift */,
				F5CD2C692CFEB4C400EA7C7A /* FeedImageSliderView.swift */,
				F5CD2C6A2CFEB4C400EA7C7A /* FeedToolBarButton.swift */,
				F5CD2C6B2CFEB4C400EA7C7A /* TGDetailCommentTableViewCell.swift */,
				F5CD2C6C2CFEB4C400EA7C7A /* TGMomentDetailNavTitle.swift */,
			);
			path = Views;
			sourceTree = "<group>";
		};
		F5CD2C6F2CFEB4C400EA7C7A /* Feed */ = {
			isa = PBXGroup;
			children = (
				F5CD2C652CFEB4C400EA7C7A /* Models */,
				F5CD2C6D2CFEB4C400EA7C7A /* Views */,
				F5CD2C6E2CFEB4C400EA7C7A /* TGFeedInfoDetailViewController.swift */,
			);
			path = Feed;
			sourceTree = "<group>";
		};
		F5CD2C822CFEB51C00EA7C7A /* TogaCore */ = {
			isa = PBXGroup;
			children = (
				F5CD2C802CFEB51C00EA7C7A /* StoreManager.swift */,
				F5CD2C812CFEB51C00EA7C7A /* TGAppTheme.swift */,
			);
			path = TogaCore;
			sourceTree = "<group>";
		};
		F5CD2C882CFEB5A800EA7C7A /* Models */ = {
			isa = PBXGroup;
			children = (
				F5CD2C852CFEB5A800EA7C7A /* TGUserInfoModel.swift */,
				F5CD2C862CFEB5A800EA7C7A /* UserInfoType.swift */,
				F5CD2C872CFEB5A800EA7C7A /* UserStatusEnum.swift */,
			);
			path = Models;
			sourceTree = "<group>";
		};
		F5CD2C892CFEB5A800EA7C7A /* User */ = {
			isa = PBXGroup;
			children = (
				F5CD2C882CFEB5A800EA7C7A /* Models */,
			);
			path = User;
			sourceTree = "<group>";
		};
/* End PBXGroup section */

/* Begin PBXHeadersBuildPhase section */
		8A9F0D202CF080790021462C /* Headers */ = {
			isa = PBXHeadersBuildPhase;
			buildActionMask = 2147483647;
			files = (
				8A9F0D2B2CF080790021462C /* YIYIFeedIMSDK.h in Headers */,
			);
			runOnlyForDeploymentPostprocessing = 0;
		};
/* End PBXHeadersBuildPhase section */

/* Begin PBXNativeTarget section */
		8A9F0D242CF080790021462C /* YIYIFeedIMSDK */ = {
			isa = PBXNativeTarget;
			buildConfigurationList = 8A9F0D2E2CF080790021462C /* Build configuration list for PBXNativeTarget "YIYIFeedIMSDK" */;
			buildPhases = (
				E52725769626E426A8B46113 /* [CP] Check Pods Manifest.lock */,
				8A9F0D202CF080790021462C /* Headers */,
				8A9F0D212CF080790021462C /* Sources */,
				8A9F0D222CF080790021462C /* Frameworks */,
				8A9F0D232CF080790021462C /* Resources */,
			);
			buildRules = (
			);
			dependencies = (
			);
			name = YIYIFeedIMSDK;
			productName = YIYIFeedIMSDK;
			productReference = 8A9F0D252CF080790021462C /* YIYIFeedIMSDK.framework */;
			productType = "com.apple.product-type.framework";
		};
/* End PBXNativeTarget section */

/* Begin PBXProject section */
		8A9F0D1C2CF080790021462C /* Project object */ = {
			isa = PBXProject;
			attributes = {
				BuildIndependentTargetsInParallel = 1;
				LastUpgradeCheck = 1530;
				TargetAttributes = {
					8A9F0D242CF080790021462C = {
						CreatedOnToolsVersion = 15.3;
					};
				};
			};
			buildConfigurationList = 8A9F0D1F2CF080790021462C /* Build configuration list for PBXProject "YIYIFeedIMSDK" */;
			compatibilityVersion = "Xcode 14.0";
			developmentRegion = en;
			hasScannedForEncodings = 0;
			knownRegions = (
				en,
				Base,
				"zh-Hans",
				ja,
				ms,
				ko,
				fil,
				"zh-Hant",
				vi,
				id,
				th,
			);
			mainGroup = 8A9F0D1B2CF080790021462C;
			productRefGroup = 8A9F0D262CF080790021462C /* Products */;
			projectDirPath = "";
			projectRoot = "";
			targets = (
				8A9F0D242CF080790021462C /* YIYIFeedIMSDK */,
			);
		};
/* End PBXProject section */

/* Begin PBXResourcesBuildPhase section */
		8A9F0D232CF080790021462C /* Resources */ = {
			isa = PBXResourcesBuildPhase;
			buildActionMask = 2147483647;
			files = (
				8A9F0DFD2CF48B3B0021462C /* Localizable.strings in Resources */,
				8A9F0DF22CF48B3B0021462C /* reaction-love.json in Resources */,
				8A4BB3312D08352B00AAB4B8 /* NMCJSBridge.js in Resources */,
				8A9F0DFE2CF48B3B0021462C /* SDKResource.bundle in Resources */,
				8A9F0DF82CF48B3B0021462C /* Localizable.strings in Resources */,
				8A9F0DF32CF48B3B0021462C /* reaction-wow.json in Resources */,
				8A9F0DFA2CF48B3B0021462C /* Localizable.strings in Resources */,
				8A9F0DF72CF48B3B0021462C /* Localizable.strings in Resources */,
				8A9F0DEE2CF48B3B0021462C /* reaction-angry.json in Resources */,
				8A9F0DF02CF48B3B0021462C /* reaction-cry.json in Resources */,
				8A9F0DF52CF48B3B0021462C /* Localizable.strings in Resources */,
				8A9F0E002CF48B3B0021462C /* speech_to_text_progress.json in Resources */,
				8A9F0DF62CF48B3B0021462C /* Localizable.strings in Resources */,
				8A9F0DF12CF48B3B0021462C /* reaction-like.json in Resources */,
				8A9F0DFB2CF48B3B0021462C /* Localizable.strings in Resources */,
				8A9F0DF92CF48B3B0021462C /* Localizable.strings in Resources */,
				8A9F0DF42CF48B3B0021462C /* Localizable.strings in Resources */,
				8A9F0DFC2CF48B3B0021462C /* Localizable.strings in Resources */,
				8A9F0DFF2CF48B3B0021462C /* speaking.json in Resources */,
				8A9F0D942CF430FE0021462C /* NIMKitEmoticon.bundle in Resources */,
				8A9F0DEF2CF48B3B0021462C /* reaction-awesome.json in Resources */,
			);
			runOnlyForDeploymentPostprocessing = 0;
		};
/* End PBXResourcesBuildPhase section */

/* Begin PBXShellScriptBuildPhase section */
		E52725769626E426A8B46113 /* [CP] Check Pods Manifest.lock */ = {
			isa = PBXShellScriptBuildPhase;
			buildActionMask = 2147483647;
			files = (
			);
			inputFileListPaths = (
			);
			inputPaths = (
				"${PODS_PODFILE_DIR_PATH}/Podfile.lock",
				"${PODS_ROOT}/Manifest.lock",
			);
			name = "[CP] Check Pods Manifest.lock";
			outputFileListPaths = (
			);
			outputPaths = (
				"$(DERIVED_FILE_DIR)/Pods-YIYISDKDemo-YIYIFeedIMSDK-checkManifestLockResult.txt",
			);
			runOnlyForDeploymentPostprocessing = 0;
			shellPath = /bin/sh;
			shellScript = "diff \"${PODS_PODFILE_DIR_PATH}/Podfile.lock\" \"${PODS_ROOT}/Manifest.lock\" > /dev/null\nif [ $? != 0 ] ; then\n    # print error to STDERR\n    echo \"error: The sandbox is not in sync with the Podfile.lock. Run 'pod install' or update your CocoaPods installation.\" >&2\n    exit 1\nfi\n# This output is used by Xcode 'outputs' to avoid re-running this script phase.\necho \"SUCCESS\" > \"${SCRIPT_OUTPUT_FILE_0}\"\n";
			showEnvVarsInLog = 0;
		};
/* End PBXShellScriptBuildPhase section */

/* Begin PBXSourcesBuildPhase section */
		8A9F0D212CF080790021462C /* Sources */ = {
			isa = PBXSourcesBuildPhase;
			buildActionMask = 2147483647;
			files = (
				8A027A552CFD5F52008D1AC7 /* TGTeamMeetingPreviewCell.swift in Sources */,
				8A4BB31A2D0824DC00AAB4B8 /* IMRecordStateView.swift in Sources */,
				8A9F0D3C2CF0911A0021462C /* RLSDKManager.swift in Sources */,
				8ABF5F4A2CF9CCED001DC11E /* TeamMeetingViewModel.swift in Sources */,
				8A4BB3402D084FDC00AAB4B8 /* TGIMNetworkManager.swift in Sources */,
				8A9F0E9A2CF6F5530021462C /* RLAudioVideoCallViewController.swift in Sources */,
				8A9F0D7D2CF430E70021462C /* MapViewSearchView.swift in Sources */,
				8A4BB3482D09446600AAB4B8 /* CustomAttachment.swift in Sources */,
				F5CD2C8A2CFEB5A800EA7C7A /* UserStatusEnum.swift in Sources */,
				F5CD2C8B2CFEB5A800EA7C7A /* TGUserInfoModel.swift in Sources */,
				F5CD2C8C2CFEB5A800EA7C7A /* UserInfoType.swift in Sources */,
				8A9F0D992CF444A80021462C /* SCRefreshHeader.swift in Sources */,
				8A9F0D5D2CF427A90021462C /* ReplyMessageCell.swift in Sources */,
				F5CD2C5A2CFEB40500EA7C7A /* ServerResponseDataTransforms.swift in Sources */,
				8A4BB34D2D0A92A900AAB4B8 /* VideoCallingCell.swift in Sources */,
				F5CD2C5B2CFEB40500EA7C7A /* TGFeedNetworkManager.swift in Sources */,
				F5CD2C5C2CFEB40500EA7C7A /* TGNetworkManager.swift in Sources */,
				8A9F0EA42CF6F9270021462C /* NetCallChatInfo.swift in Sources */,
				8A9F0DC12CF451E90021462C /* Then.swift in Sources */,
				8A9F0D812CF430E70021462C /* MessageOperationView.swift in Sources */,
				8A4BB31D2D08273000AAB4B8 /* InputAudioRecordIndicatorView.swift in Sources */,
				8A9F0D912CF430FE0021462C /* TGNIMInputEmoticonButton.swift in Sources */,
				8A9F0DAB2CF44D6F0021462C /* number+extensions.swift in Sources */,
				8A9F0D422CF41ACD0021462C /* RLMessageData.swift in Sources */,
				8A9F0DC72CF451E90021462C /* UIView+Actions.swift in Sources */,
				8A9F0D3A2CF089410021462C /* RLNIMSDKManager.swift in Sources */,
				8A9F0D8D2CF430FE0021462C /* TGInputEmoticonContainerView.swift in Sources */,
				8A4BB3192D0824DC00AAB4B8 /* IMAudioMessageStateView.swift in Sources */,
				8A9F0D802CF430E70021462C /* ReplyView.swift in Sources */,
				8A9F0D4E2CF427560021462C /* RLConversationListViewController.swift in Sources */,
				F5CD2C902CFEB5C200EA7C7A /* View+Extension.swift in Sources */,
				F5CD2C912CFEB5C200EA7C7A /* NSUserDefault+Cache.swift in Sources */,
				F5CD2C922CFEB5C200EA7C7A /* Calendar+Extension.swift in Sources */,
				8A9F0D7C2CF430E70021462C /* ChatRecordView.swift in Sources */,
				8A027A512CFD5A38008D1AC7 /* TGReachability.swift in Sources */,
				8A9F0E042CF57E520021462C /* TGNavigationController.swift in Sources */,
				8A9F0D642CF429390021462C /* ConversationListCell.swift in Sources */,
				8A027A532CFD5CCA008D1AC7 /* TGTeamMeetingCell.swift in Sources */,
				8A9F0D5E2CF427A90021462C /* FileMessageCell.swift in Sources */,
				8A9F0D9D2CF44A550021462C /* RLMapClient.swift in Sources */,
				8A9F0D5A2CF427A90021462C /* UserInfoMessageCell.swift in Sources */,
				8A9F0D3E2CF093580021462C /* RLLoginParma.swift in Sources */,
				8ABF5F3E2CF82395001DC11E /* IMNotificationCenter.swift in Sources */,
				8A9F0D7F2CF430E70021462C /* ChatMoreActionView.swift in Sources */,
				8A9F0D6D2CF42AC70021462C /* RLColor.swift in Sources */,
				8A9F0D5B2CF427A90021462C /* BaseMessageCell.swift in Sources */,
				8A9F0D932CF430FE0021462C /* TGNIMInputEmoticonManager.swift in Sources */,
				8A9F0D9B2CF4464F0021462C /* SCCustomNavigationBar.swift in Sources */,
				8A9F0EA22CF6F7D00021462C /* TimerHolder.swift in Sources */,
				8A9F0E072CF6B6E70021462C /* ChatViewConfig.swift in Sources */,
				8ABF5F482CF9C8D4001DC11E /* UILabel+Extension.swift in Sources */,
				8A9F0DAE2CF44D6F0021462C /* UIViewController+Extension.swift in Sources */,
				F57A36F02D004FBD00159F31 /* TGFeedCommentListModel.swift in Sources */,
				8A9F0D702CF42D910021462C /* RLBaseChatViewController.swift in Sources */,
				8A9F0D902CF430FE0021462C /* TGNEEmotionTool.swift in Sources */,
				8A9F0DAA2CF44D6F0021462C /* UIView+Extension.swift in Sources */,
				8A9F0D462CF41D290021462C /* ChatLocaitonModel.swift in Sources */,
				8A9F0D5C2CF427A90021462C /* LocationMessageCell.swift in Sources */,
				8A9F0E9F2CF6F6910021462C /* CustomAttachmentDefines.swift in Sources */,
				8A9F0DAC2CF44D6F0021462C /* Optional+Extension.swift in Sources */,
				8A027A5B2CFDAD76008D1AC7 /* TGMessageData.swift in Sources */,
				8A9F0D602CF427A90021462C /* TipMessageCell.swift in Sources */,
				8A9F0D982CF444A80021462C /* SCRefreshFooter.swift in Sources */,
				8A9F0DC22CF451E90021462C /* LogManager.swift in Sources */,
				8A4BB3122D06D2FB00AAB4B8 /* TGMessageMapViewController.swift in Sources */,
				8ABF5F3C2CF822AF001DC11E /* ExtensionStringCrypto.swift in Sources */,
				8A027A5D2CFDBE29008D1AC7 /* TGChatViewController.swift in Sources */,
				8A027A572CFD5FF5008D1AC7 /* TGIMContactViewLayout.swift in Sources */,
				8A4BB3342D08352B00AAB4B8 /* NMCWebView.swift in Sources */,
				8A9F0D7E2CF430E70021462C /* InputMoreCell.swift in Sources */,
				8A9F0D442CF41BCB0021462C /* RLChatViewModel.swift in Sources */,
				8A9F0E9C2CF6F5C10021462C /* AudioVideoViewModel.swift in Sources */,
				8A9F0D6C2CF42AC70021462C /* RLCollectionView.swift in Sources */,
				8A9F0D482CF41D4B0021462C /* OperationItem.swift in Sources */,
				8A9F0D5F2CF427A90021462C /* AudioMessageCell.swift in Sources */,
				F5CD2C952CFEB76800EA7C7A /* TGAvatarView.swift in Sources */,
				8A9F0D362CF0819E0021462C /* TGViewController.swift in Sources */,
				8A9F0DC02CF451E90021462C /* FileUtils.swift in Sources */,
				8A9F0D662CF429BE0021462C /* ConversationViewModel.swift in Sources */,
				8A9F0DA92CF44D6F0021462C /* Int+Extension.swift in Sources */,
				8A9F0D6E2CF42AC70021462C /* RLUserInterfacePrinciples.swift in Sources */,
				8A9F0DA82CF44D6F0021462C /* UIImage+Extension.swift in Sources */,
				8A9F0DC32CF451E90021462C /* AuthorizeStatusUtils.swift in Sources */,
				8A9F0DB22CF44FEE0021462C /* RLAuthManager.swift in Sources */,
				8A9F0D612CF427A90021462C /* TextMessageCell.swift in Sources */,
				8A9F0D622CF427A90021462C /* ImageMessageCell.swift in Sources */,
				8A027A592CFD9AF6008D1AC7 /* TGChatViewModel.swift in Sources */,
				8A9F0D8C2CF430FE0021462C /* TGEmojiPageView.swift in Sources */,
				8A9F0D7A2CF430E60021462C /* BaseChatInputView.swift in Sources */,
				8A9F0D7B2CF430E70021462C /* OperationCell.swift in Sources */,
				F5CD2C702CFEB4C400EA7C7A /* FeedToolBarButton.swift in Sources */,
				F5CD2C712CFEB4C400EA7C7A /* TGMomentDetailNavTitle.swift in Sources */,
				F5CD2C722CFEB4C400EA7C7A /* PictureModeler.swift in Sources */,
				F5CD2C732CFEB4C400EA7C7A /* FeedImageSliderView.swift in Sources */,
				F5CD2C742CFEB4C400EA7C7A /* FeedCommentLabelModel.swift in Sources */,
				F5CD2C752CFEB4C400EA7C7A /* SharedViewModel.swift in Sources */,
				F5CD2C762CFEB4C400EA7C7A /* FeedListCellModel.swift in Sources */,
				F5CD2C772CFEB4C400EA7C7A /* TopicListModel.swift in Sources */,
				F5CD2C782CFEB4C400EA7C7A /* AvatarUserNameView.swift in Sources */,
				F5CD2C792CFEB4C400EA7C7A /* TGDetailCommentTableViewCell.swift in Sources */,
				F5CD2C7A2CFEB4C400EA7C7A /* TGFeedInfoDetailViewController.swift in Sources */,
				F5CD2C7B2CFEB4C400EA7C7A /* FeedListModel.swift in Sources */,
				F5CD2C7C2CFEB4C400EA7C7A /* TSPostLocationModel.swift in Sources */,
				F5CD2C7D2CFEB4C400EA7C7A /* TGFeedResponse.swift in Sources */,
				F5CD2C7E2CFEB4C400EA7C7A /* FeedDetailTableHeaderView.swift in Sources */,
				F5CD2C7F2CFEB4C400EA7C7A /* FeedDetailCommentTableViewCell.swift in Sources */,
				8A9F0DC52CF451E90021462C /* Action.swift in Sources */,
				8A9F0DAD2CF44D6F0021462C /* String+Extension.swift in Sources */,
				8A9F0DBE2CF451E90021462C /* ImageCompress.swift in Sources */,
				8A9F0D8F2CF430FE0021462C /* TGNEEmotionAttachment.swift in Sources */,
				8A9F0D682CF42A290021462C /* RLTableView.swift in Sources */,
				8A9F0D922CF430FE0021462C /* TGNIMInputEmoticonDefine.swift in Sources */,
				8A4BB3362D08352B00AAB4B8 /* NMCWhiteBoardViewController.swift in Sources */,
				8A4BB3422D0850C000AAB4B8 /* WhiteBoardAuth.swift in Sources */,
				8A9F0D2A2CF080790021462C /* YIYIFeedIMSDK.docc in Sources */,
				8A9F0D4A2CF41D610021462C /* MessageUtils.swift in Sources */,
				8A9F0EA62CF707820021462C /* RLAudioCallController.swift in Sources */,
				8A9F0DB02CF44FD20021462C /* RLSendFileManager.swift in Sources */,
				F5CD2C832CFEB51C00EA7C7A /* StoreManager.swift in Sources */,
				F5CD2C842CFEB51C00EA7C7A /* TGAppTheme.swift in Sources */,
				8A9F0E022CF575CC0021462C /* RLMessageViewController.swift in Sources */,
				8A9F0D9F2CF44CD20021462C /* RLCurrentUserInfo.swift in Sources */,
				8A4BB3352D08352B00AAB4B8 /* NMCWhiteBoardManager.swift in Sources */,
				8A4BB31B2D0824DC00AAB4B8 /* SpeechVoiceDetectManager.swift in Sources */,
				8A9F0D8E2CF430FE0021462C /* TGInputEmoticonTabView.swift in Sources */,
				8A4BB3332D08352B00AAB4B8 /* NMCWebLoginParam.swift in Sources */,
				8A4BB3452D093BD300AAB4B8 /* WhiteBoardMessageCell.swift in Sources */,
				8A9F0EA02CF6F6910021462C /* CustomAttachmentDecoder.swift in Sources */,
				8ABF5F462CF9C668001DC11E /* TGIMTeamMeetingController.swift in Sources */,
				8A4BB3322D08352B00AAB4B8 /* NMCMessageDispatcher.swift in Sources */,
			);
			runOnlyForDeploymentPostprocessing = 0;
		};
/* End PBXSourcesBuildPhase section */

/* Begin PBXVariantGroup section */
		8A9F0DD72CF48B3B0021462C /* Localizable.strings */ = {
			isa = PBXVariantGroup;
			children = (
				8A9F0DD62CF48B3B0021462C /* zh-Hans */,
			);
			name = Localizable.strings;
			sourceTree = "<group>";
		};
		8A9F0DD92CF48B3B0021462C /* Localizable.strings */ = {
			isa = PBXVariantGroup;
			children = (
				8A9F0DD82CF48B3B0021462C /* ja */,
			);
			name = Localizable.strings;
			sourceTree = "<group>";
		};
		8A9F0DDB2CF48B3B0021462C /* Localizable.strings */ = {
			isa = PBXVariantGroup;
			children = (
				8A9F0DDA2CF48B3B0021462C /* en */,
			);
			name = Localizable.strings;
			sourceTree = "<group>";
		};
		8A9F0DDD2CF48B3B0021462C /* Localizable.strings */ = {
			isa = PBXVariantGroup;
			children = (
				8A9F0DDC2CF48B3B0021462C /* ms */,
			);
			name = Localizable.strings;
			sourceTree = "<group>";
		};
		8A9F0DDF2CF48B3B0021462C /* Localizable.strings */ = {
			isa = PBXVariantGroup;
			children = (
				8A9F0DDE2CF48B3B0021462C /* ko */,
			);
			name = Localizable.strings;
			sourceTree = "<group>";
		};
		8A9F0DE12CF48B3B0021462C /* Localizable.strings */ = {
			isa = PBXVariantGroup;
			children = (
				8A9F0DE02CF48B3B0021462C /* fil */,
			);
			name = Localizable.strings;
			sourceTree = "<group>";
		};
		8A9F0DE32CF48B3B0021462C /* Localizable.strings */ = {
			isa = PBXVariantGroup;
			children = (
				8A9F0DE22CF48B3B0021462C /* zh-Hant */,
			);
			name = Localizable.strings;
			sourceTree = "<group>";
		};
		8A9F0DE52CF48B3B0021462C /* Localizable.strings */ = {
			isa = PBXVariantGroup;
			children = (
				8A9F0DE42CF48B3B0021462C /* vi */,
			);
			name = Localizable.strings;
			sourceTree = "<group>";
		};
		8A9F0DE72CF48B3B0021462C /* Localizable.strings */ = {
			isa = PBXVariantGroup;
			children = (
				8A9F0DE62CF48B3B0021462C /* id */,
			);
			name = Localizable.strings;
			sourceTree = "<group>";
		};
		8A9F0DE92CF48B3B0021462C /* Localizable.strings */ = {
			isa = PBXVariantGroup;
			children = (
				8A9F0DE82CF48B3B0021462C /* th */,
			);
			name = Localizable.strings;
			sourceTree = "<group>";
		};
/* End PBXVariantGroup section */

/* Begin XCBuildConfiguration section */
		8A9F0D2C2CF080790021462C /* Debug */ = {
			isa = XCBuildConfiguration;
			buildSettings = {
				ALWAYS_SEARCH_USER_PATHS = NO;
				ASSETCATALOG_COMPILER_GENERATE_SWIFT_ASSET_SYMBOL_EXTENSIONS = YES;
				CLANG_ANALYZER_NONNULL = YES;
				CLANG_ANALYZER_NUMBER_OBJECT_CONVERSION = YES_AGGRESSIVE;
				CLANG_CXX_LANGUAGE_STANDARD = "gnu++20";
				CLANG_ENABLE_MODULES = YES;
				CLANG_ENABLE_OBJC_ARC = YES;
				CLANG_ENABLE_OBJC_WEAK = YES;
				CLANG_WARN_BLOCK_CAPTURE_AUTORELEASING = YES;
				CLANG_WARN_BOOL_CONVERSION = YES;
				CLANG_WARN_COMMA = YES;
				CLANG_WARN_CONSTANT_CONVERSION = YES;
				CLANG_WARN_DEPRECATED_OBJC_IMPLEMENTATIONS = YES;
				CLANG_WARN_DIRECT_OBJC_ISA_USAGE = YES_ERROR;
				CLANG_WARN_DOCUMENTATION_COMMENTS = YES;
				CLANG_WARN_EMPTY_BODY = YES;
				CLANG_WARN_ENUM_CONVERSION = YES;
				CLANG_WARN_INFINITE_RECURSION = YES;
				CLANG_WARN_INT_CONVERSION = YES;
				CLANG_WARN_NON_LITERAL_NULL_CONVERSION = YES;
				CLANG_WARN_OBJC_IMPLICIT_RETAIN_SELF = YES;
				CLANG_WARN_OBJC_LITERAL_CONVERSION = YES;
				CLANG_WARN_OBJC_ROOT_CLASS = YES_ERROR;
				CLANG_WARN_QUOTED_INCLUDE_IN_FRAMEWORK_HEADER = YES;
				CLANG_WARN_RANGE_LOOP_ANALYSIS = YES;
				CLANG_WARN_STRICT_PROTOTYPES = YES;
				CLANG_WARN_SUSPICIOUS_MOVE = YES;
				CLANG_WARN_UNGUARDED_AVAILABILITY = YES_AGGRESSIVE;
				CLANG_WARN_UNREACHABLE_CODE = YES;
				CLANG_WARN__DUPLICATE_METHOD_MATCH = YES;
				COPY_PHASE_STRIP = NO;
				CURRENT_PROJECT_VERSION = 1;
				DEBUG_INFORMATION_FORMAT = dwarf;
				ENABLE_STRICT_OBJC_MSGSEND = YES;
				ENABLE_TESTABILITY = YES;
				ENABLE_USER_SCRIPT_SANDBOXING = YES;
				GCC_C_LANGUAGE_STANDARD = gnu17;
				GCC_DYNAMIC_NO_PIC = NO;
				GCC_NO_COMMON_BLOCKS = YES;
				GCC_OPTIMIZATION_LEVEL = 0;
				GCC_PREPROCESSOR_DEFINITIONS = (
					"DEBUG=1",
					"$(inherited)",
				);
				GCC_WARN_64_TO_32_BIT_CONVERSION = YES;
				GCC_WARN_ABOUT_RETURN_TYPE = YES_ERROR;
				GCC_WARN_UNDECLARED_SELECTOR = YES;
				GCC_WARN_UNINITIALIZED_AUTOS = YES_AGGRESSIVE;
				GCC_WARN_UNUSED_FUNCTION = YES;
				GCC_WARN_UNUSED_VARIABLE = YES;
				IPHONEOS_DEPLOYMENT_TARGET = 13.0;
				LOCALIZATION_PREFERS_STRING_CATALOGS = YES;
				MTL_ENABLE_DEBUG_INFO = INCLUDE_SOURCE;
				MTL_FAST_MATH = YES;
				ONLY_ACTIVE_ARCH = YES;
				SDKROOT = iphoneos;
				SWIFT_ACTIVE_COMPILATION_CONDITIONS = "DEBUG $(inherited)";
				SWIFT_OPTIMIZATION_LEVEL = "-Onone";
				VERSIONING_SYSTEM = "apple-generic";
				VERSION_INFO_PREFIX = "";
			};
			name = Debug;
		};
		8A9F0D2D2CF080790021462C /* Release */ = {
			isa = XCBuildConfiguration;
			buildSettings = {
				ALWAYS_SEARCH_USER_PATHS = NO;
				ASSETCATALOG_COMPILER_GENERATE_SWIFT_ASSET_SYMBOL_EXTENSIONS = YES;
				CLANG_ANALYZER_NONNULL = YES;
				CLANG_ANALYZER_NUMBER_OBJECT_CONVERSION = YES_AGGRESSIVE;
				CLANG_CXX_LANGUAGE_STANDARD = "gnu++20";
				CLANG_ENABLE_MODULES = YES;
				CLANG_ENABLE_OBJC_ARC = YES;
				CLANG_ENABLE_OBJC_WEAK = YES;
				CLANG_WARN_BLOCK_CAPTURE_AUTORELEASING = YES;
				CLANG_WARN_BOOL_CONVERSION = YES;
				CLANG_WARN_COMMA = YES;
				CLANG_WARN_CONSTANT_CONVERSION = YES;
				CLANG_WARN_DEPRECATED_OBJC_IMPLEMENTATIONS = YES;
				CLANG_WARN_DIRECT_OBJC_ISA_USAGE = YES_ERROR;
				CLANG_WARN_DOCUMENTATION_COMMENTS = YES;
				CLANG_WARN_EMPTY_BODY = YES;
				CLANG_WARN_ENUM_CONVERSION = YES;
				CLANG_WARN_INFINITE_RECURSION = YES;
				CLANG_WARN_INT_CONVERSION = YES;
				CLANG_WARN_NON_LITERAL_NULL_CONVERSION = YES;
				CLANG_WARN_OBJC_IMPLICIT_RETAIN_SELF = YES;
				CLANG_WARN_OBJC_LITERAL_CONVERSION = YES;
				CLANG_WARN_OBJC_ROOT_CLASS = YES_ERROR;
				CLANG_WARN_QUOTED_INCLUDE_IN_FRAMEWORK_HEADER = YES;
				CLANG_WARN_RANGE_LOOP_ANALYSIS = YES;
				CLANG_WARN_STRICT_PROTOTYPES = YES;
				CLANG_WARN_SUSPICIOUS_MOVE = YES;
				CLANG_WARN_UNGUARDED_AVAILABILITY = YES_AGGRESSIVE;
				CLANG_WARN_UNREACHABLE_CODE = YES;
				CLANG_WARN__DUPLICATE_METHOD_MATCH = YES;
				COPY_PHASE_STRIP = NO;
				CURRENT_PROJECT_VERSION = 1;
				DEBUG_INFORMATION_FORMAT = "dwarf-with-dsym";
				ENABLE_NS_ASSERTIONS = NO;
				ENABLE_STRICT_OBJC_MSGSEND = YES;
				ENABLE_USER_SCRIPT_SANDBOXING = YES;
				GCC_C_LANGUAGE_STANDARD = gnu17;
				GCC_NO_COMMON_BLOCKS = YES;
				GCC_WARN_64_TO_32_BIT_CONVERSION = YES;
				GCC_WARN_ABOUT_RETURN_TYPE = YES_ERROR;
				GCC_WARN_UNDECLARED_SELECTOR = YES;
				GCC_WARN_UNINITIALIZED_AUTOS = YES_AGGRESSIVE;
				GCC_WARN_UNUSED_FUNCTION = YES;
				GCC_WARN_UNUSED_VARIABLE = YES;
				IPHONEOS_DEPLOYMENT_TARGET = 13.0;
				LOCALIZATION_PREFERS_STRING_CATALOGS = YES;
				MTL_ENABLE_DEBUG_INFO = NO;
				MTL_FAST_MATH = YES;
				SDKROOT = iphoneos;
				SWIFT_COMPILATION_MODE = wholemodule;
				VALIDATE_PRODUCT = YES;
				VERSIONING_SYSTEM = "apple-generic";
				VERSION_INFO_PREFIX = "";
			};
			name = Release;
		};
		8A9F0D2F2CF080790021462C /* Debug */ = {
			isa = XCBuildConfiguration;
			baseConfigurationReference = 11DB54BD2D907883BDB15C84 /* Pods-YIYISDKDemo-YIYIFeedIMSDK.debug.xcconfig */;
			buildSettings = {
				BUILD_LIBRARY_FOR_DISTRIBUTION = YES;
				CODE_SIGN_STYLE = Automatic;
				CURRENT_PROJECT_VERSION = 1;
				DEFINES_MODULE = YES;
				DEVELOPMENT_TEAM = 77477VLQQY;
				DYLIB_COMPATIBILITY_VERSION = 1;
				DYLIB_CURRENT_VERSION = 1;
				DYLIB_INSTALL_NAME_BASE = "@rpath";
				ENABLE_MODULE_VERIFIER = YES;
				GENERATE_INFOPLIST_FILE = YES;
				INFOPLIST_KEY_NSHumanReadableCopyright = "";
				INSTALL_PATH = "$(LOCAL_LIBRARY_DIR)/Frameworks";
				IPHONEOS_DEPLOYMENT_TARGET = 13.0;
				LD_RUNPATH_SEARCH_PATHS = (
					"$(inherited)",
					"@executable_path/Frameworks",
					"@loader_path/Frameworks",
				);
				MARKETING_VERSION = 1.0;
				MODULE_VERIFIER_SUPPORTED_LANGUAGES = "objective-c objective-c++";
				MODULE_VERIFIER_SUPPORTED_LANGUAGE_STANDARDS = "gnu17 gnu++20";
				PRODUCT_BUNDLE_IDENTIFIER = com.yiyi.feedimsdk;
				PRODUCT_NAME = "$(TARGET_NAME:c99extidentifier)";
				SKIP_INSTALL = YES;
				SWIFT_EMIT_LOC_STRINGS = YES;
				SWIFT_INSTALL_OBJC_HEADER = NO;
				SWIFT_VERSION = 5.0;
				TARGETED_DEVICE_FAMILY = "1,2";
			};
			name = Debug;
		};
		8A9F0D302CF080790021462C /* Release */ = {
			isa = XCBuildConfiguration;
			baseConfigurationReference = 9B7FF8D3AB0A77F6C7BA2655 /* Pods-YIYISDKDemo-YIYIFeedIMSDK.release.xcconfig */;
			buildSettings = {
				BUILD_LIBRARY_FOR_DISTRIBUTION = YES;
				CODE_SIGN_STYLE = Automatic;
				CURRENT_PROJECT_VERSION = 1;
				DEFINES_MODULE = YES;
				DEVELOPMENT_TEAM = 77477VLQQY;
				DYLIB_COMPATIBILITY_VERSION = 1;
				DYLIB_CURRENT_VERSION = 1;
				DYLIB_INSTALL_NAME_BASE = "@rpath";
				ENABLE_MODULE_VERIFIER = YES;
				GENERATE_INFOPLIST_FILE = YES;
				INFOPLIST_KEY_NSHumanReadableCopyright = "";
				INSTALL_PATH = "$(LOCAL_LIBRARY_DIR)/Frameworks";
				IPHONEOS_DEPLOYMENT_TARGET = 13.0;
				LD_RUNPATH_SEARCH_PATHS = (
					"$(inherited)",
					"@executable_path/Frameworks",
					"@loader_path/Frameworks",
				);
				MARKETING_VERSION = 1.0;
				MODULE_VERIFIER_SUPPORTED_LANGUAGES = "objective-c objective-c++";
				MODULE_VERIFIER_SUPPORTED_LANGUAGE_STANDARDS = "gnu17 gnu++20";
				PRODUCT_BUNDLE_IDENTIFIER = com.yiyi.feedimsdk;
				PRODUCT_NAME = "$(TARGET_NAME:c99extidentifier)";
				SKIP_INSTALL = YES;
				SWIFT_EMIT_LOC_STRINGS = YES;
				SWIFT_INSTALL_OBJC_HEADER = NO;
				SWIFT_VERSION = 5.0;
				TARGETED_DEVICE_FAMILY = "1,2";
			};
			name = Release;
		};
/* End XCBuildConfiguration section */

/* Begin XCConfigurationList section */
		8A9F0D1F2CF080790021462C /* Build configuration list for PBXProject "YIYIFeedIMSDK" */ = {
			isa = XCConfigurationList;
			buildConfigurations = (
				8A9F0D2C2CF080790021462C /* Debug */,
				8A9F0D2D2CF080790021462C /* Release */,
			);
			defaultConfigurationIsVisible = 0;
			defaultConfigurationName = Release;
		};
		8A9F0D2E2CF080790021462C /* Build configuration list for PBXNativeTarget "YIYIFeedIMSDK" */ = {
			isa = XCConfigurationList;
			buildConfigurations = (
				8A9F0D2F2CF080790021462C /* Debug */,
				8A9F0D302CF080790021462C /* Release */,
			);
			defaultConfigurationIsVisible = 0;
			defaultConfigurationName = Release;
		};
/* End XCConfigurationList section */
	};
	rootObject = 8A9F0D1C2CF080790021462C /* Project object */;
}
